// !$*UTF8*$!
{
	archiveVersion = 1;
	classes = {
	};
	objectVersion = 54;
	objects = {

/* Begin PBXBuildFile section */
		08914389B6D9D8AC8EADFE1D /* Pods_FAStoryKit.framework in Frameworks */ = {isa = PBXBuildFile; fileRef = 5F9BB3A3ABD03F481D38344B /* Pods_FAStoryKit.framework */; };
		50A3DE5422E0835400E58FBE /* FAStoryKit.h in Headers */ = {isa = PBXBuildFile; fileRef = 50A3DE5222E0835400E58FBE /* FAStoryKit.h */; settings = {ATTRIBUTES = (Public, ); }; };
		50A3DE7D22E0837D00E58FBE /* _Double.swift in Sources */ = {isa = PBXBuildFile; fileRef = 50A3DE5C22E0837C00E58FBE /* _Double.swift */; };
		50A3DE7E22E0837D00E58FBE /* _String.swift in Sources */ = {isa = PBXBuildFile; fileRef = 50A3DE5D22E0837C00E58FBE /* _String.swift */; };
		50A3DE7F22E0837D00E58FBE /* _FAStory.swift in Sources */ = {isa = PBXBuildFile; fileRef = 50A3DE5E22E0837C00E58FBE /* _FAStory.swift */; };
		50A3DE8022E0837D00E58FBE /* FAStoryTeller.swift in Sources */ = {isa = PBXBuildFile; fileRef = 50A3DE6022E0837D00E58FBE /* FAStoryTeller.swift */; };
		50A3DE8122E0837D00E58FBE /* FAStoryDataSource.swift in Sources */ = {isa = PBXBuildFile; fileRef = 50A3DE6122E0837D00E58FBE /* FAStoryDataSource.swift */; };
		50A3DE8222E0837D00E58FBE /* FAStoryAddible.swift in Sources */ = {isa = PBXBuildFile; fileRef = 50A3DE6222E0837D00E58FBE /* FAStoryAddible.swift */; };
		50A3DE8322E0837D00E58FBE /* FAStoryContentCacher.swift in Sources */ = {isa = PBXBuildFile; fileRef = 50A3DE6322E0837D00E58FBE /* FAStoryContentCacher.swift */; };
		50A3DE8422E0837D00E58FBE /* FAStoryDelegate.swift in Sources */ = {isa = PBXBuildFile; fileRef = 50A3DE6422E0837D00E58FBE /* FAStoryDelegate.swift */; };
		50A3DE8522E0837D00E58FBE /* FAStory.swift in Sources */ = {isa = PBXBuildFile; fileRef = 50A3DE6622E0837D00E58FBE /* FAStory.swift */; };
		50A3DE8622E0837D00E58FBE /* FAStoryContentNature.swift in Sources */ = {isa = PBXBuildFile; fileRef = 50A3DE6822E0837D00E58FBE /* FAStoryContentNature.swift */; };
		50A3DE8722E0837D00E58FBE /* FAStoryContentType.swift in Sources */ = {isa = PBXBuildFile; fileRef = 50A3DE6922E0837D00E58FBE /* FAStoryContentType.swift */; };
		50A3DE8922E0837D00E58FBE /* FAStoryController.swift in Sources */ = {isa = PBXBuildFile; fileRef = 50A3DE6C22E0837D00E58FBE /* FAStoryController.swift */; };
		50A3DE8A22E0837D00E58FBE /* FAStoryContentTemplate.swift in Sources */ = {isa = PBXBuildFile; fileRef = 50A3DE6E22E0837D00E58FBE /* FAStoryContentTemplate.swift */; };
		50A3DE8B22E0837D00E58FBE /* FAStoryImageContent.swift in Sources */ = {isa = PBXBuildFile; fileRef = 50A3DE7022E0837D00E58FBE /* FAStoryImageContent.swift */; };
		50A3DE8C22E0837D00E58FBE /* FAStoryVideoContent.swift in Sources */ = {isa = PBXBuildFile; fileRef = 50A3DE7122E0837D00E58FBE /* FAStoryVideoContent.swift */; };
		50A3DE8D22E0837D00E58FBE /* FAStoryView.xib in Resources */ = {isa = PBXBuildFile; fileRef = 50A3DE7322E0837D00E58FBE /* FAStoryView.xib */; };
		50A3DE8E22E0837D00E58FBE /* ExternalLinkControllerView.swift in Sources */ = {isa = PBXBuildFile; fileRef = 50A3DE7622E0837D00E58FBE /* ExternalLinkControllerView.swift */; };
		50A3DE8F22E0837D00E58FBE /* StoryIndicatorView.swift in Sources */ = {isa = PBXBuildFile; fileRef = 50A3DE7722E0837D00E58FBE /* StoryIndicatorView.swift */; };
		50A3DE9022E0837D00E58FBE /* FAStoryCollectionViewCell.swift in Sources */ = {isa = PBXBuildFile; fileRef = 50A3DE7822E0837D00E58FBE /* FAStoryCollectionViewCell.swift */; };
		50A3DE9122E0837D00E58FBE /* StoryIndicatorContainerView.swift in Sources */ = {isa = PBXBuildFile; fileRef = 50A3DE7922E0837D00E58FBE /* StoryIndicatorContainerView.swift */; };
		50A3DE9222E0837D00E58FBE /* FAPlayerView.swift in Sources */ = {isa = PBXBuildFile; fileRef = 50A3DE7A22E0837D00E58FBE /* FAPlayerView.swift */; };
		50A3DE9322E0837D00E58FBE /* FAStoryVC.swift in Sources */ = {isa = PBXBuildFile; fileRef = 50A3DE7B22E0837D00E58FBE /* FAStoryVC.swift */; };
		50A3DE9422E0837D00E58FBE /* FAStoryView.swift in Sources */ = {isa = PBXBuildFile; fileRef = 50A3DE7C22E0837D00E58FBE /* FAStoryView.swift */; };
		50E2137D23059839002B9B03 /* StoryContentWrapper.swift in Sources */ = {isa = PBXBuildFile; fileRef = 50E2137C23059839002B9B03 /* StoryContentWrapper.swift */; };
		50F20A372340EC5F0084A9B4 /* FAStoryContainerVC.swift in Sources */ = {isa = PBXBuildFile; fileRef = 50F20A362340EC5F0084A9B4 /* FAStoryContainerVC.swift */; };
		50F20A392340ECA40084A9B4 /* FAStoryVcStack.swift in Sources */ = {isa = PBXBuildFile; fileRef = 50F20A382340ECA40084A9B4 /* FAStoryVcStack.swift */; };
		50F20A3D2340ECF60084A9B4 /* TransitionAnimator.swift in Sources */ = {isa = PBXBuildFile; fileRef = 50F20A3B2340ECF60084A9B4 /* TransitionAnimator.swift */; };
		50F20A3E2340ECF60084A9B4 /* FAStoryContainer+TransitionCoordinator.swift in Sources */ = {isa = PBXBuildFile; fileRef = 50F20A3C2340ECF60084A9B4 /* FAStoryContainer+TransitionCoordinator.swift */; };
		50F20A402340ED2A0084A9B4 /* TouchProgressCalculator.swift in Sources */ = {isa = PBXBuildFile; fileRef = 50F20A3F2340ED2A0084A9B4 /* TouchProgressCalculator.swift */; };
		50F20A45234122450084A9B4 /* _NSNotification.swift in Sources */ = {isa = PBXBuildFile; fileRef = 50F20A43234122450084A9B4 /* _NSNotification.swift */; };
		50F20A46234122450084A9B4 /* _UINavigationController.swift in Sources */ = {isa = PBXBuildFile; fileRef = 50F20A44234122450084A9B4 /* _UINavigationController.swift */; };
		70F1911826CD910F003D361D /* SwipeDismissInteractible.swift in Sources */ = {isa = PBXBuildFile; fileRef = 70F1911726CD910F003D361D /* SwipeDismissInteractible.swift */; };
		70F1911B26CD9206003D361D /* DownloadService.swift in Sources */ = {isa = PBXBuildFile; fileRef = 70F1911A26CD9206003D361D /* DownloadService.swift */; };
		70F1911D26CD9218003D361D /* SessionDownloadable.swift in Sources */ = {isa = PBXBuildFile; fileRef = 70F1911C26CD9218003D361D /* SessionDownloadable.swift */; };
		70F1911F26CD96F4003D361D /* _CGFloat.swift in Sources */ = {isa = PBXBuildFile; fileRef = 70F1911E26CD96F4003D361D /* _CGFloat.swift */; };
		7F050F152A7A6EBB0085FB7A /* AppDelegate.swift in Sources */ = {isa = PBXBuildFile; fileRef = 7F050F142A7A6EBB0085FB7A /* AppDelegate.swift */; };
		7F050F172A7A6EBB0085FB7A /* SceneDelegate.swift in Sources */ = {isa = PBXBuildFile; fileRef = 7F050F162A7A6EBB0085FB7A /* SceneDelegate.swift */; };
		7F050F3A2A7A6F820085FB7A /* Assets.xcassets in Resources */ = {isa = PBXBuildFile; fileRef = 7F050F352A7A6F820085FB7A /* Assets.xcassets */; };
		7F050F3B2A7A6F820085FB7A /* LaunchScreen.storyboard in Resources */ = {isa = PBXBuildFile; fileRef = 7F050F362A7A6F820085FB7A /* LaunchScreen.storyboard */; };
		7F050F3C2A7A6F820085FB7A /* Main.storyboard in Resources */ = {isa = PBXBuildFile; fileRef = 7F050F382A7A6F820085FB7A /* Main.storyboard */; };
		7F050F472A7A6F8A0085FB7A /* StoryVC.swift in Sources */ = {isa = PBXBuildFile; fileRef = 7F050F3E2A7A6F8A0085FB7A /* StoryVC.swift */; };
		7F050F482A7A6F8A0085FB7A /* Stories.json in Resources */ = {isa = PBXBuildFile; fileRef = 7F050F402A7A6F8A0085FB7A /* Stories.json */; };
		7F050F492A7A6F8A0085FB7A /* StoryServer.swift in Sources */ = {isa = PBXBuildFile; fileRef = 7F050F412A7A6F8A0085FB7A /* StoryServer.swift */; };
		7F050F4A2A7A6F8A0085FB7A /* StatusBarColorProxy.swift in Sources */ = {isa = PBXBuildFile; fileRef = 7F050F432A7A6F8A0085FB7A /* StatusBarColorProxy.swift */; };
		7F050F4B2A7A6F8A0085FB7A /* TransitionTransparencyProxy.swift in Sources */ = {isa = PBXBuildFile; fileRef = 7F050F442A7A6F8A0085FB7A /* TransitionTransparencyProxy.swift */; };
		7F050F4C2A7A6F8A0085FB7A /* PlainPushNavCon.swift in Sources */ = {isa = PBXBuildFile; fileRef = 7F050F452A7A6F8A0085FB7A /* PlainPushNavCon.swift */; };
		7F050F4D2A7A6F8A0085FB7A /* PlainPushPopAnimator.swift in Sources */ = {isa = PBXBuildFile; fileRef = 7F050F462A7A6F8A0085FB7A /* PlainPushPopAnimator.swift */; };
		7F050F512A7A6F940085FB7A /* ModalPresentationAnimator.swift in Sources */ = {isa = PBXBuildFile; fileRef = 7F050F4F2A7A6F940085FB7A /* ModalPresentationAnimator.swift */; };
		7F050F522A7A6F940085FB7A /* MainTransitionAnimator.swift in Sources */ = {isa = PBXBuildFile; fileRef = 7F050F502A7A6F940085FB7A /* MainTransitionAnimator.swift */; };
		7FD6EF8E2A7A849F00F8EA5E /* DefaultValues.swift in Sources */ = {isa = PBXBuildFile; fileRef = 7FD6EF8D2A7A849F00F8EA5E /* DefaultValues.swift */; };
		7FD6EF902A7A889C00F8EA5E /* FABadgeView.swift in Sources */ = {isa = PBXBuildFile; fileRef = 7FD6EF8F2A7A889C00F8EA5E /* FABadgeView.swift */; };
		9E89014504CF40BF0C5881D4 /* Pods_FAStoryExample.framework in Frameworks */ = {isa = PBXBuildFile; fileRef = 3ECDED20139AA397935B1432 /* Pods_FAStoryExample.framework */; };
		B63C6DDD2B5927870002982F /* UIView+SnapKit.swift in Sources */ = {isa = PBXBuildFile; fileRef = B63C6DDC2B5927870002982F /* UIView+SnapKit.swift */; };
		B63C6DE32B5928C10002982F /* Configurable.swift in Sources */ = {isa = PBXBuildFile; fileRef = B63C6DE22B5928C10002982F /* Configurable.swift */; };
		B63C6DE72B5929840002982F /* Margin.swift in Sources */ = {isa = PBXBuildFile; fileRef = B63C6DE62B5929840002982F /* Margin.swift */; };
		B63C6DED2B592F180002982F /* UIView+Extensions.swift in Sources */ = {isa = PBXBuildFile; fileRef = B63C6DEC2B592F180002982F /* UIView+Extensions.swift */; };
		B63C6DF02B5931850002982F /* CGFloat+Extensions.swift in Sources */ = {isa = PBXBuildFile; fileRef = B63C6DEF2B5931850002982F /* CGFloat+Extensions.swift */; };
		B63C6DF82B5962610002982F /* UICollectionView+Extensions.swift in Sources */ = {isa = PBXBuildFile; fileRef = B63C6DF72B5962610002982F /* UICollectionView+Extensions.swift */; };
		B6A4E3172B55788D00CB3721 /* MSDownloadService.swift in Sources */ = {isa = PBXBuildFile; fileRef = B6A4E3162B55788D00CB3721 /* MSDownloadService.swift */; };
		B6A4E31E2B557DF200CB3721 /* MSStory.swift in Sources */ = {isa = PBXBuildFile; fileRef = B6A4E31D2B557DF200CB3721 /* MSStory.swift */; };
		B6A4E3202B55804E00CB3721 /* MSStories.json in Resources */ = {isa = PBXBuildFile; fileRef = B6A4E31F2B55804E00CB3721 /* MSStories.json */; };
		B6A4E3222B55848D00CB3721 /* MSStories.swift in Sources */ = {isa = PBXBuildFile; fileRef = B6A4E3212B55848D00CB3721 /* MSStories.swift */; };
		B6A4E3242B5584BF00CB3721 /* MSStoryContent.swift in Sources */ = {isa = PBXBuildFile; fileRef = B6A4E3232B5584BF00CB3721 /* MSStoryContent.swift */; };
		B6A4E3262B5584F100CB3721 /* MSSFileFormat.swift in Sources */ = {isa = PBXBuildFile; fileRef = B6A4E3252B5584F100CB3721 /* MSSFileFormat.swift */; };
		B6A4E3312B55A11700CB3721 /* MSServiceLocator.swift in Sources */ = {isa = PBXBuildFile; fileRef = B6A4E3302B55A11700CB3721 /* MSServiceLocator.swift */; };
		B6A4E3332B55A13D00CB3721 /* MSDownloadServiceProtocol.swift in Sources */ = {isa = PBXBuildFile; fileRef = B6A4E3322B55A13D00CB3721 /* MSDownloadServiceProtocol.swift */; };
		B6A4E3362B55A1EC00CB3721 /* MSServiceLocatorProtocol.swift in Sources */ = {isa = PBXBuildFile; fileRef = B6A4E3352B55A1EC00CB3721 /* MSServiceLocatorProtocol.swift */; };
		B6A4E3392B55A24500CB3721 /* MSResolver.swift in Sources */ = {isa = PBXBuildFile; fileRef = B6A4E3382B55A24500CB3721 /* MSResolver.swift */; };
		B6A4E33B2B55A26D00CB3721 /* MSServiceFactory.swift in Sources */ = {isa = PBXBuildFile; fileRef = B6A4E33A2B55A26D00CB3721 /* MSServiceFactory.swift */; };
		B6A4E33D2B55A2A300CB3721 /* MSAnyServiceFactory.swift in Sources */ = {isa = PBXBuildFile; fileRef = B6A4E33C2B55A2A300CB3721 /* MSAnyServiceFactory.swift */; };
		B6A4E33F2B55A2F900CB3721 /* MSBasicServiceFactory.swift in Sources */ = {isa = PBXBuildFile; fileRef = B6A4E33E2B55A2F900CB3721 /* MSBasicServiceFactory.swift */; };
		B6A4E3412B55A32D00CB3721 /* MSServiceResolver.swift in Sources */ = {isa = PBXBuildFile; fileRef = B6A4E3402B55A32D00CB3721 /* MSServiceResolver.swift */; };
		B6A4E3452B55A3E300CB3721 /* MSProviderLocator.swift in Sources */ = {isa = PBXBuildFile; fileRef = B6A4E3442B55A3E300CB3721 /* MSProviderLocator.swift */; };
		B6A4E3472B55A44900CB3721 /* MSProviderDependency.swift in Sources */ = {isa = PBXBuildFile; fileRef = B6A4E3462B55A44900CB3721 /* MSProviderDependency.swift */; };
		B6A4E34A2B55A4CC00CB3721 /* MSStoryKitProvider.swift in Sources */ = {isa = PBXBuildFile; fileRef = B6A4E3492B55A4CC00CB3721 /* MSStoryKitProvider.swift */; };
		B6A4E34C2B55A58300CB3721 /* MSStoryKitProviderProtocol.swift in Sources */ = {isa = PBXBuildFile; fileRef = B6A4E34B2B55A58300CB3721 /* MSStoryKitProviderProtocol.swift */; };
		B6A4E34F2B55A83100CB3721 /* MSProjectFileExtensionType.swift in Sources */ = {isa = PBXBuildFile; fileRef = B6A4E34E2B55A83100CB3721 /* MSProjectFileExtensionType.swift */; };
		B6A4E3512B55A85400CB3721 /* MSProjectFileServiceProtocol.swift in Sources */ = {isa = PBXBuildFile; fileRef = B6A4E3502B55A85400CB3721 /* MSProjectFileServiceProtocol.swift */; };
		B6A4E3532B55A8C700CB3721 /* MSExtractFileError.swift in Sources */ = {isa = PBXBuildFile; fileRef = B6A4E3522B55A8C700CB3721 /* MSExtractFileError.swift */; };
		B6A4E3552B55A97D00CB3721 /* MSProjectFileService.swift in Sources */ = {isa = PBXBuildFile; fileRef = B6A4E3542B55A97D00CB3721 /* MSProjectFileService.swift */; };
		B6A4E35A2B55AB6900CB3721 /* Publisher+Decode.swift in Sources */ = {isa = PBXBuildFile; fileRef = B6A4E3592B55AB6900CB3721 /* Publisher+Decode.swift */; };
		B6A4E35D2B55AC3B00CB3721 /* MSStoryRepository.swift in Sources */ = {isa = PBXBuildFile; fileRef = B6A4E35C2B55AC3B00CB3721 /* MSStoryRepository.swift */; };
		B6A4E3612B55ACF600CB3721 /* MSRepositoryLocator.swift in Sources */ = {isa = PBXBuildFile; fileRef = B6A4E3602B55ACF600CB3721 /* MSRepositoryLocator.swift */; };
		B6A4E3632B55AD3E00CB3721 /* MSRepositoryDependency.swift in Sources */ = {isa = PBXBuildFile; fileRef = B6A4E3622B55AD3E00CB3721 /* MSRepositoryDependency.swift */; };
		B6A4E3652B55AD8200CB3721 /* MSServiceDependency.swift in Sources */ = {isa = PBXBuildFile; fileRef = B6A4E3642B55AD8200CB3721 /* MSServiceDependency.swift */; };
		B6A4E36C2B56760700CB3721 /* MSCacheStoryService.swift in Sources */ = {isa = PBXBuildFile; fileRef = B6A4E36B2B56760700CB3721 /* MSCacheStoryService.swift */; };
		B6A4E36E2B56761000CB3721 /* MSCacheStoryServiceProtocol.swift in Sources */ = {isa = PBXBuildFile; fileRef = B6A4E36D2B56761000CB3721 /* MSCacheStoryServiceProtocol.swift */; };
		B6A4E3732B567B9100CB3721 /* MSCacheFileItem.swift in Sources */ = {isa = PBXBuildFile; fileRef = B6A4E3722B567B9100CB3721 /* MSCacheFileItem.swift */; };
		B6A4E3762B569BB300CB3721 /* URL+FileData.swift in Sources */ = {isa = PBXBuildFile; fileRef = B6A4E3752B569BB300CB3721 /* URL+FileData.swift */; };
		B6A4E3782B56AA5C00CB3721 /* URLSession+DownloadTaskPublisher.swift in Sources */ = {isa = PBXBuildFile; fileRef = B6A4E3772B56AA5C00CB3721 /* URLSession+DownloadTaskPublisher.swift */; };
		B6A4E37C2B579BE600CB3721 /* MSPreviewStoryView.swift in Sources */ = {isa = PBXBuildFile; fileRef = B6A4E37B2B579BE600CB3721 /* MSPreviewStoryView.swift */; };
		B6A4E37F2B579CA600CB3721 /* MSPreviewStoryViewDelegate.swift in Sources */ = {isa = PBXBuildFile; fileRef = B6A4E37E2B579CA600CB3721 /* MSPreviewStoryViewDelegate.swift */; };
		B6A4E3812B57A26800CB3721 /* MSPreviewStoryViewModel.swift in Sources */ = {isa = PBXBuildFile; fileRef = B6A4E3802B57A26800CB3721 /* MSPreviewStoryViewModel.swift */; };
		B6AD15942B5E76C8002A68B9 /* UIView+Anchor.swift in Sources */ = {isa = PBXBuildFile; fileRef = B6AD15932B5E76C8002A68B9 /* UIView+Anchor.swift */; };
		B6AD15962B5E7977002A68B9 /* UILayoutGuide+SnapKit.swift in Sources */ = {isa = PBXBuildFile; fileRef = B6AD15952B5E7977002A68B9 /* UILayoutGuide+SnapKit.swift */; };
		B6AD15992B5E8F8A002A68B9 /* MSStoryContainerViewController.swift in Sources */ = {isa = PBXBuildFile; fileRef = B6AD15982B5E8F8A002A68B9 /* MSStoryContainerViewController.swift */; };
		B6AD159B2B5E8FC5002A68B9 /* MSStoryViewController.swift in Sources */ = {isa = PBXBuildFile; fileRef = B6AD159A2B5E8FC5002A68B9 /* MSStoryViewController.swift */; };
		B6AD159D2B5E900F002A68B9 /* MSStoryVcStack.swift in Sources */ = {isa = PBXBuildFile; fileRef = B6AD159C2B5E900F002A68B9 /* MSStoryVcStack.swift */; };
		B6AD159F2B5E9121002A68B9 /* MSStoryContainer+TransitionCoordinator.swift in Sources */ = {isa = PBXBuildFile; fileRef = B6AD159E2B5E9121002A68B9 /* MSStoryContainer+TransitionCoordinator.swift */; };
		B6AD15A12B5E9536002A68B9 /* MSStoryViewModel.swift in Sources */ = {isa = PBXBuildFile; fileRef = B6AD15A02B5E9536002A68B9 /* MSStoryViewModel.swift */; };
		B6AD15A52B5E95B1002A68B9 /* MSStoryProvider.swift in Sources */ = {isa = PBXBuildFile; fileRef = B6AD15A42B5E95B1002A68B9 /* MSStoryProvider.swift */; };
		B6AD15A72B5E95C8002A68B9 /* MSStoryProviderProtocol.swift in Sources */ = {isa = PBXBuildFile; fileRef = B6AD15A62B5E95C8002A68B9 /* MSStoryProviderProtocol.swift */; };
		B6AD15A92B5E96D1002A68B9 /* MSStoryError.swift in Sources */ = {isa = PBXBuildFile; fileRef = B6AD15A82B5E96D1002A68B9 /* MSStoryError.swift */; };
		B6AD15AB2B5EB712002A68B9 /* MSStoryViewControllerDelegate.swift in Sources */ = {isa = PBXBuildFile; fileRef = B6AD15AA2B5EB712002A68B9 /* MSStoryViewControllerDelegate.swift */; };
		B6AD15AD2B5F95AD002A68B9 /* Publisher+FilterNil.swift in Sources */ = {isa = PBXBuildFile; fileRef = B6AD15AC2B5F95AD002A68B9 /* Publisher+FilterNil.swift */; };
		B6AD15B82B5FEC5A002A68B9 /* MSStoryPlayerView.swift in Sources */ = {isa = PBXBuildFile; fileRef = B6AD15B72B5FEC5A002A68B9 /* MSStoryPlayerView.swift */; };
		B6AD15BA2B5FEC73002A68B9 /* MSStoryPlayerViewDelegate.swift in Sources */ = {isa = PBXBuildFile; fileRef = B6AD15B92B5FEC73002A68B9 /* MSStoryPlayerViewDelegate.swift */; };
/* End PBXBuildFile section */

/* Begin PBXFileReference section */
		2C77DF646975AD3837BCD506 /* Pods-FAStoryKit.debug.xcconfig */ = {isa = PBXFileReference; includeInIndex = 1; lastKnownFileType = text.xcconfig; name = "Pods-FAStoryKit.debug.xcconfig"; path = "Target Support Files/Pods-FAStoryKit/Pods-FAStoryKit.debug.xcconfig"; sourceTree = "<group>"; };
		3ECDED20139AA397935B1432 /* Pods_FAStoryExample.framework */ = {isa = PBXFileReference; explicitFileType = wrapper.framework; includeInIndex = 0; path = Pods_FAStoryExample.framework; sourceTree = BUILT_PRODUCTS_DIR; };
		50A3DE4F22E0835400E58FBE /* FAStoryKit.framework */ = {isa = PBXFileReference; explicitFileType = wrapper.framework; includeInIndex = 0; path = FAStoryKit.framework; sourceTree = BUILT_PRODUCTS_DIR; };
		50A3DE5222E0835400E58FBE /* FAStoryKit.h */ = {isa = PBXFileReference; lastKnownFileType = sourcecode.c.h; path = FAStoryKit.h; sourceTree = "<group>"; };
		50A3DE5322E0835400E58FBE /* Info.plist */ = {isa = PBXFileReference; lastKnownFileType = text.plist.xml; path = Info.plist; sourceTree = "<group>"; };
		50A3DE5C22E0837C00E58FBE /* _Double.swift */ = {isa = PBXFileReference; fileEncoding = 4; lastKnownFileType = sourcecode.swift; path = _Double.swift; sourceTree = "<group>"; };
		50A3DE5D22E0837C00E58FBE /* _String.swift */ = {isa = PBXFileReference; fileEncoding = 4; lastKnownFileType = sourcecode.swift; path = _String.swift; sourceTree = "<group>"; };
		50A3DE5E22E0837C00E58FBE /* _FAStory.swift */ = {isa = PBXFileReference; fileEncoding = 4; lastKnownFileType = sourcecode.swift; path = _FAStory.swift; sourceTree = "<group>"; };
		50A3DE6022E0837D00E58FBE /* FAStoryTeller.swift */ = {isa = PBXFileReference; fileEncoding = 4; lastKnownFileType = sourcecode.swift; path = FAStoryTeller.swift; sourceTree = "<group>"; };
		50A3DE6122E0837D00E58FBE /* FAStoryDataSource.swift */ = {isa = PBXFileReference; fileEncoding = 4; lastKnownFileType = sourcecode.swift; path = FAStoryDataSource.swift; sourceTree = "<group>"; };
		50A3DE6222E0837D00E58FBE /* FAStoryAddible.swift */ = {isa = PBXFileReference; fileEncoding = 4; lastKnownFileType = sourcecode.swift; path = FAStoryAddible.swift; sourceTree = "<group>"; };
		50A3DE6322E0837D00E58FBE /* FAStoryContentCacher.swift */ = {isa = PBXFileReference; fileEncoding = 4; lastKnownFileType = sourcecode.swift; path = FAStoryContentCacher.swift; sourceTree = "<group>"; };
		50A3DE6422E0837D00E58FBE /* FAStoryDelegate.swift */ = {isa = PBXFileReference; fileEncoding = 4; lastKnownFileType = sourcecode.swift; path = FAStoryDelegate.swift; sourceTree = "<group>"; };
		50A3DE6622E0837D00E58FBE /* FAStory.swift */ = {isa = PBXFileReference; fileEncoding = 4; lastKnownFileType = sourcecode.swift; path = FAStory.swift; sourceTree = "<group>"; };
		50A3DE6822E0837D00E58FBE /* FAStoryContentNature.swift */ = {isa = PBXFileReference; fileEncoding = 4; lastKnownFileType = sourcecode.swift; path = FAStoryContentNature.swift; sourceTree = "<group>"; };
		50A3DE6922E0837D00E58FBE /* FAStoryContentType.swift */ = {isa = PBXFileReference; fileEncoding = 4; lastKnownFileType = sourcecode.swift; path = FAStoryContentType.swift; sourceTree = "<group>"; };
		50A3DE6C22E0837D00E58FBE /* FAStoryController.swift */ = {isa = PBXFileReference; fileEncoding = 4; lastKnownFileType = sourcecode.swift; path = FAStoryController.swift; sourceTree = "<group>"; };
		50A3DE6E22E0837D00E58FBE /* FAStoryContentTemplate.swift */ = {isa = PBXFileReference; fileEncoding = 4; lastKnownFileType = sourcecode.swift; path = FAStoryContentTemplate.swift; sourceTree = "<group>"; };
		50A3DE7022E0837D00E58FBE /* FAStoryImageContent.swift */ = {isa = PBXFileReference; fileEncoding = 4; lastKnownFileType = sourcecode.swift; path = FAStoryImageContent.swift; sourceTree = "<group>"; };
		50A3DE7122E0837D00E58FBE /* FAStoryVideoContent.swift */ = {isa = PBXFileReference; fileEncoding = 4; lastKnownFileType = sourcecode.swift; path = FAStoryVideoContent.swift; sourceTree = "<group>"; };
		50A3DE7322E0837D00E58FBE /* FAStoryView.xib */ = {isa = PBXFileReference; fileEncoding = 4; lastKnownFileType = file.xib; path = FAStoryView.xib; sourceTree = "<group>"; };
		50A3DE7622E0837D00E58FBE /* ExternalLinkControllerView.swift */ = {isa = PBXFileReference; fileEncoding = 4; lastKnownFileType = sourcecode.swift; path = ExternalLinkControllerView.swift; sourceTree = "<group>"; };
		50A3DE7722E0837D00E58FBE /* StoryIndicatorView.swift */ = {isa = PBXFileReference; fileEncoding = 4; lastKnownFileType = sourcecode.swift; path = StoryIndicatorView.swift; sourceTree = "<group>"; };
		50A3DE7822E0837D00E58FBE /* FAStoryCollectionViewCell.swift */ = {isa = PBXFileReference; fileEncoding = 4; lastKnownFileType = sourcecode.swift; path = FAStoryCollectionViewCell.swift; sourceTree = "<group>"; };
		50A3DE7922E0837D00E58FBE /* StoryIndicatorContainerView.swift */ = {isa = PBXFileReference; fileEncoding = 4; lastKnownFileType = sourcecode.swift; path = StoryIndicatorContainerView.swift; sourceTree = "<group>"; };
		50A3DE7A22E0837D00E58FBE /* FAPlayerView.swift */ = {isa = PBXFileReference; fileEncoding = 4; lastKnownFileType = sourcecode.swift; path = FAPlayerView.swift; sourceTree = "<group>"; };
		50A3DE7B22E0837D00E58FBE /* FAStoryVC.swift */ = {isa = PBXFileReference; fileEncoding = 4; lastKnownFileType = sourcecode.swift; path = FAStoryVC.swift; sourceTree = "<group>"; };
		50A3DE7C22E0837D00E58FBE /* FAStoryView.swift */ = {isa = PBXFileReference; fileEncoding = 4; lastKnownFileType = sourcecode.swift; path = FAStoryView.swift; sourceTree = "<group>"; };
		50C0446522FD986D00E9EC03 /* README.md */ = {isa = PBXFileReference; lastKnownFileType = net.daringfireball.markdown; path = README.md; sourceTree = "<group>"; };
		50E2137C23059839002B9B03 /* StoryContentWrapper.swift */ = {isa = PBXFileReference; lastKnownFileType = sourcecode.swift; path = StoryContentWrapper.swift; sourceTree = "<group>"; };
		50F20A362340EC5F0084A9B4 /* FAStoryContainerVC.swift */ = {isa = PBXFileReference; fileEncoding = 4; lastKnownFileType = sourcecode.swift; path = FAStoryContainerVC.swift; sourceTree = "<group>"; };
		50F20A382340ECA40084A9B4 /* FAStoryVcStack.swift */ = {isa = PBXFileReference; fileEncoding = 4; lastKnownFileType = sourcecode.swift; path = FAStoryVcStack.swift; sourceTree = "<group>"; };
		50F20A3B2340ECF60084A9B4 /* TransitionAnimator.swift */ = {isa = PBXFileReference; fileEncoding = 4; lastKnownFileType = sourcecode.swift; path = TransitionAnimator.swift; sourceTree = "<group>"; };
		50F20A3C2340ECF60084A9B4 /* FAStoryContainer+TransitionCoordinator.swift */ = {isa = PBXFileReference; fileEncoding = 4; lastKnownFileType = sourcecode.swift; path = "FAStoryContainer+TransitionCoordinator.swift"; sourceTree = "<group>"; };
		50F20A3F2340ED2A0084A9B4 /* TouchProgressCalculator.swift */ = {isa = PBXFileReference; fileEncoding = 4; lastKnownFileType = sourcecode.swift; path = TouchProgressCalculator.swift; sourceTree = "<group>"; };
		50F20A43234122450084A9B4 /* _NSNotification.swift */ = {isa = PBXFileReference; fileEncoding = 4; lastKnownFileType = sourcecode.swift; path = _NSNotification.swift; sourceTree = "<group>"; };
		50F20A44234122450084A9B4 /* _UINavigationController.swift */ = {isa = PBXFileReference; fileEncoding = 4; lastKnownFileType = sourcecode.swift; path = _UINavigationController.swift; sourceTree = "<group>"; };
		5F9BB3A3ABD03F481D38344B /* Pods_FAStoryKit.framework */ = {isa = PBXFileReference; explicitFileType = wrapper.framework; includeInIndex = 0; path = Pods_FAStoryKit.framework; sourceTree = BUILT_PRODUCTS_DIR; };
		70F1911726CD910F003D361D /* SwipeDismissInteractible.swift */ = {isa = PBXFileReference; lastKnownFileType = sourcecode.swift; path = SwipeDismissInteractible.swift; sourceTree = "<group>"; };
		70F1911A26CD9206003D361D /* DownloadService.swift */ = {isa = PBXFileReference; lastKnownFileType = sourcecode.swift; path = DownloadService.swift; sourceTree = "<group>"; };
		70F1911C26CD9218003D361D /* SessionDownloadable.swift */ = {isa = PBXFileReference; lastKnownFileType = sourcecode.swift; path = SessionDownloadable.swift; sourceTree = "<group>"; };
		70F1911E26CD96F4003D361D /* _CGFloat.swift */ = {isa = PBXFileReference; lastKnownFileType = sourcecode.swift; path = _CGFloat.swift; sourceTree = "<group>"; };
		7B7B6573B1C0CA377BBB6043 /* Pods-FAStoryKit.release.xcconfig */ = {isa = PBXFileReference; includeInIndex = 1; lastKnownFileType = text.xcconfig; name = "Pods-FAStoryKit.release.xcconfig"; path = "Target Support Files/Pods-FAStoryKit/Pods-FAStoryKit.release.xcconfig"; sourceTree = "<group>"; };
		7F050F122A7A6EBB0085FB7A /* FAStoryExample.app */ = {isa = PBXFileReference; explicitFileType = wrapper.application; includeInIndex = 0; path = FAStoryExample.app; sourceTree = BUILT_PRODUCTS_DIR; };
		7F050F142A7A6EBB0085FB7A /* AppDelegate.swift */ = {isa = PBXFileReference; lastKnownFileType = sourcecode.swift; path = AppDelegate.swift; sourceTree = "<group>"; };
		7F050F162A7A6EBB0085FB7A /* SceneDelegate.swift */ = {isa = PBXFileReference; lastKnownFileType = sourcecode.swift; path = SceneDelegate.swift; sourceTree = "<group>"; };
		7F050F222A7A6EBC0085FB7A /* Info.plist */ = {isa = PBXFileReference; lastKnownFileType = text.plist.xml; path = Info.plist; sourceTree = "<group>"; };
		7F050F352A7A6F820085FB7A /* Assets.xcassets */ = {isa = PBXFileReference; lastKnownFileType = folder.assetcatalog; path = Assets.xcassets; sourceTree = "<group>"; };
		7F050F372A7A6F820085FB7A /* Base */ = {isa = PBXFileReference; lastKnownFileType = file.storyboard; name = Base; path = Base.lproj/LaunchScreen.storyboard; sourceTree = "<group>"; };
		7F050F392A7A6F820085FB7A /* Base */ = {isa = PBXFileReference; lastKnownFileType = file.storyboard; name = Base; path = Base.lproj/Main.storyboard; sourceTree = "<group>"; };
		7F050F3E2A7A6F8A0085FB7A /* StoryVC.swift */ = {isa = PBXFileReference; fileEncoding = 4; lastKnownFileType = sourcecode.swift; path = StoryVC.swift; sourceTree = "<group>"; };
		7F050F402A7A6F8A0085FB7A /* Stories.json */ = {isa = PBXFileReference; fileEncoding = 4; lastKnownFileType = text.json; path = Stories.json; sourceTree = "<group>"; };
		7F050F412A7A6F8A0085FB7A /* StoryServer.swift */ = {isa = PBXFileReference; fileEncoding = 4; lastKnownFileType = sourcecode.swift; path = StoryServer.swift; sourceTree = "<group>"; };
		7F050F432A7A6F8A0085FB7A /* StatusBarColorProxy.swift */ = {isa = PBXFileReference; fileEncoding = 4; lastKnownFileType = sourcecode.swift; path = StatusBarColorProxy.swift; sourceTree = "<group>"; };
		7F050F442A7A6F8A0085FB7A /* TransitionTransparencyProxy.swift */ = {isa = PBXFileReference; fileEncoding = 4; lastKnownFileType = sourcecode.swift; path = TransitionTransparencyProxy.swift; sourceTree = "<group>"; };
		7F050F452A7A6F8A0085FB7A /* PlainPushNavCon.swift */ = {isa = PBXFileReference; fileEncoding = 4; lastKnownFileType = sourcecode.swift; path = PlainPushNavCon.swift; sourceTree = "<group>"; };
		7F050F462A7A6F8A0085FB7A /* PlainPushPopAnimator.swift */ = {isa = PBXFileReference; fileEncoding = 4; lastKnownFileType = sourcecode.swift; path = PlainPushPopAnimator.swift; sourceTree = "<group>"; };
		7F050F4F2A7A6F940085FB7A /* ModalPresentationAnimator.swift */ = {isa = PBXFileReference; fileEncoding = 4; lastKnownFileType = sourcecode.swift; path = ModalPresentationAnimator.swift; sourceTree = "<group>"; };
		7F050F502A7A6F940085FB7A /* MainTransitionAnimator.swift */ = {isa = PBXFileReference; fileEncoding = 4; lastKnownFileType = sourcecode.swift; path = MainTransitionAnimator.swift; sourceTree = "<group>"; };
		7FD6EF8D2A7A849F00F8EA5E /* DefaultValues.swift */ = {isa = PBXFileReference; fileEncoding = 4; lastKnownFileType = sourcecode.swift; path = DefaultValues.swift; sourceTree = "<group>"; };
		7FD6EF8F2A7A889C00F8EA5E /* FABadgeView.swift */ = {isa = PBXFileReference; fileEncoding = 4; lastKnownFileType = sourcecode.swift; path = FABadgeView.swift; sourceTree = "<group>"; };
		989C5089953AA91698BD13DF /* Pods-FAStoryExample.debug.xcconfig */ = {isa = PBXFileReference; includeInIndex = 1; lastKnownFileType = text.xcconfig; name = "Pods-FAStoryExample.debug.xcconfig"; path = "Target Support Files/Pods-FAStoryExample/Pods-FAStoryExample.debug.xcconfig"; sourceTree = "<group>"; };
		B63C6DDC2B5927870002982F /* UIView+SnapKit.swift */ = {isa = PBXFileReference; lastKnownFileType = sourcecode.swift; path = "UIView+SnapKit.swift"; sourceTree = "<group>"; };
		B63C6DE22B5928C10002982F /* Configurable.swift */ = {isa = PBXFileReference; lastKnownFileType = sourcecode.swift; path = Configurable.swift; sourceTree = "<group>"; };
		B63C6DE62B5929840002982F /* Margin.swift */ = {isa = PBXFileReference; lastKnownFileType = sourcecode.swift; path = Margin.swift; sourceTree = "<group>"; };
		B63C6DEC2B592F180002982F /* UIView+Extensions.swift */ = {isa = PBXFileReference; lastKnownFileType = sourcecode.swift; path = "UIView+Extensions.swift"; sourceTree = "<group>"; };
		B63C6DEF2B5931850002982F /* CGFloat+Extensions.swift */ = {isa = PBXFileReference; lastKnownFileType = sourcecode.swift; path = "CGFloat+Extensions.swift"; sourceTree = "<group>"; };
		B63C6DF72B5962610002982F /* UICollectionView+Extensions.swift */ = {isa = PBXFileReference; lastKnownFileType = sourcecode.swift; path = "UICollectionView+Extensions.swift"; sourceTree = "<group>"; };
		B6A4E3162B55788D00CB3721 /* MSDownloadService.swift */ = {isa = PBXFileReference; lastKnownFileType = sourcecode.swift; path = MSDownloadService.swift; sourceTree = "<group>"; };
		B6A4E31D2B557DF200CB3721 /* MSStory.swift */ = {isa = PBXFileReference; lastKnownFileType = sourcecode.swift; path = MSStory.swift; sourceTree = "<group>"; };
		B6A4E31F2B55804E00CB3721 /* MSStories.json */ = {isa = PBXFileReference; fileEncoding = 4; lastKnownFileType = text.json; path = MSStories.json; sourceTree = "<group>"; };
		B6A4E3212B55848D00CB3721 /* MSStories.swift */ = {isa = PBXFileReference; lastKnownFileType = sourcecode.swift; path = MSStories.swift; sourceTree = "<group>"; };
		B6A4E3232B5584BF00CB3721 /* MSStoryContent.swift */ = {isa = PBXFileReference; lastKnownFileType = sourcecode.swift; path = MSStoryContent.swift; sourceTree = "<group>"; };
		B6A4E3252B5584F100CB3721 /* MSSFileFormat.swift */ = {isa = PBXFileReference; lastKnownFileType = sourcecode.swift; path = MSSFileFormat.swift; sourceTree = "<group>"; };
		B6A4E3302B55A11700CB3721 /* MSServiceLocator.swift */ = {isa = PBXFileReference; lastKnownFileType = sourcecode.swift; path = MSServiceLocator.swift; sourceTree = "<group>"; };
		B6A4E3322B55A13D00CB3721 /* MSDownloadServiceProtocol.swift */ = {isa = PBXFileReference; lastKnownFileType = sourcecode.swift; path = MSDownloadServiceProtocol.swift; sourceTree = "<group>"; };
		B6A4E3352B55A1EC00CB3721 /* MSServiceLocatorProtocol.swift */ = {isa = PBXFileReference; lastKnownFileType = sourcecode.swift; path = MSServiceLocatorProtocol.swift; sourceTree = "<group>"; };
		B6A4E3382B55A24500CB3721 /* MSResolver.swift */ = {isa = PBXFileReference; lastKnownFileType = sourcecode.swift; path = MSResolver.swift; sourceTree = "<group>"; };
		B6A4E33A2B55A26D00CB3721 /* MSServiceFactory.swift */ = {isa = PBXFileReference; lastKnownFileType = sourcecode.swift; path = MSServiceFactory.swift; sourceTree = "<group>"; };
		B6A4E33C2B55A2A300CB3721 /* MSAnyServiceFactory.swift */ = {isa = PBXFileReference; lastKnownFileType = sourcecode.swift; path = MSAnyServiceFactory.swift; sourceTree = "<group>"; };
		B6A4E33E2B55A2F900CB3721 /* MSBasicServiceFactory.swift */ = {isa = PBXFileReference; lastKnownFileType = sourcecode.swift; path = MSBasicServiceFactory.swift; sourceTree = "<group>"; };
		B6A4E3402B55A32D00CB3721 /* MSServiceResolver.swift */ = {isa = PBXFileReference; lastKnownFileType = sourcecode.swift; path = MSServiceResolver.swift; sourceTree = "<group>"; };
		B6A4E3442B55A3E300CB3721 /* MSProviderLocator.swift */ = {isa = PBXFileReference; lastKnownFileType = sourcecode.swift; path = MSProviderLocator.swift; sourceTree = "<group>"; };
		B6A4E3462B55A44900CB3721 /* MSProviderDependency.swift */ = {isa = PBXFileReference; lastKnownFileType = sourcecode.swift; path = MSProviderDependency.swift; sourceTree = "<group>"; };
		B6A4E3492B55A4CC00CB3721 /* MSStoryKitProvider.swift */ = {isa = PBXFileReference; lastKnownFileType = sourcecode.swift; path = MSStoryKitProvider.swift; sourceTree = "<group>"; };
		B6A4E34B2B55A58300CB3721 /* MSStoryKitProviderProtocol.swift */ = {isa = PBXFileReference; lastKnownFileType = sourcecode.swift; path = MSStoryKitProviderProtocol.swift; sourceTree = "<group>"; };
		B6A4E34E2B55A83100CB3721 /* MSProjectFileExtensionType.swift */ = {isa = PBXFileReference; lastKnownFileType = sourcecode.swift; path = MSProjectFileExtensionType.swift; sourceTree = "<group>"; };
		B6A4E3502B55A85400CB3721 /* MSProjectFileServiceProtocol.swift */ = {isa = PBXFileReference; lastKnownFileType = sourcecode.swift; path = MSProjectFileServiceProtocol.swift; sourceTree = "<group>"; };
		B6A4E3522B55A8C700CB3721 /* MSExtractFileError.swift */ = {isa = PBXFileReference; lastKnownFileType = sourcecode.swift; path = MSExtractFileError.swift; sourceTree = "<group>"; };
		B6A4E3542B55A97D00CB3721 /* MSProjectFileService.swift */ = {isa = PBXFileReference; lastKnownFileType = sourcecode.swift; path = MSProjectFileService.swift; sourceTree = "<group>"; };
		B6A4E3592B55AB6900CB3721 /* Publisher+Decode.swift */ = {isa = PBXFileReference; lastKnownFileType = sourcecode.swift; path = "Publisher+Decode.swift"; sourceTree = "<group>"; };
		B6A4E35C2B55AC3B00CB3721 /* MSStoryRepository.swift */ = {isa = PBXFileReference; lastKnownFileType = sourcecode.swift; path = MSStoryRepository.swift; sourceTree = "<group>"; };
		B6A4E3602B55ACF600CB3721 /* MSRepositoryLocator.swift */ = {isa = PBXFileReference; lastKnownFileType = sourcecode.swift; path = MSRepositoryLocator.swift; sourceTree = "<group>"; };
		B6A4E3622B55AD3E00CB3721 /* MSRepositoryDependency.swift */ = {isa = PBXFileReference; lastKnownFileType = sourcecode.swift; path = MSRepositoryDependency.swift; sourceTree = "<group>"; };
		B6A4E3642B55AD8200CB3721 /* MSServiceDependency.swift */ = {isa = PBXFileReference; lastKnownFileType = sourcecode.swift; path = MSServiceDependency.swift; sourceTree = "<group>"; };
		B6A4E36B2B56760700CB3721 /* MSCacheStoryService.swift */ = {isa = PBXFileReference; lastKnownFileType = sourcecode.swift; path = MSCacheStoryService.swift; sourceTree = "<group>"; };
		B6A4E36D2B56761000CB3721 /* MSCacheStoryServiceProtocol.swift */ = {isa = PBXFileReference; lastKnownFileType = sourcecode.swift; path = MSCacheStoryServiceProtocol.swift; sourceTree = "<group>"; };
		B6A4E3722B567B9100CB3721 /* MSCacheFileItem.swift */ = {isa = PBXFileReference; lastKnownFileType = sourcecode.swift; path = MSCacheFileItem.swift; sourceTree = "<group>"; };
		B6A4E3752B569BB300CB3721 /* URL+FileData.swift */ = {isa = PBXFileReference; lastKnownFileType = sourcecode.swift; path = "URL+FileData.swift"; sourceTree = "<group>"; };
		B6A4E3772B56AA5C00CB3721 /* URLSession+DownloadTaskPublisher.swift */ = {isa = PBXFileReference; lastKnownFileType = sourcecode.swift; path = "URLSession+DownloadTaskPublisher.swift"; sourceTree = "<group>"; };
		B6A4E37B2B579BE600CB3721 /* MSPreviewStoryView.swift */ = {isa = PBXFileReference; lastKnownFileType = sourcecode.swift; path = MSPreviewStoryView.swift; sourceTree = "<group>"; };
		B6A4E37E2B579CA600CB3721 /* MSPreviewStoryViewDelegate.swift */ = {isa = PBXFileReference; lastKnownFileType = sourcecode.swift; path = MSPreviewStoryViewDelegate.swift; sourceTree = "<group>"; };
		B6A4E3802B57A26800CB3721 /* MSPreviewStoryViewModel.swift */ = {isa = PBXFileReference; lastKnownFileType = sourcecode.swift; path = MSPreviewStoryViewModel.swift; sourceTree = "<group>"; };
		B6AD15932B5E76C8002A68B9 /* UIView+Anchor.swift */ = {isa = PBXFileReference; lastKnownFileType = sourcecode.swift; path = "UIView+Anchor.swift"; sourceTree = "<group>"; };
		B6AD15952B5E7977002A68B9 /* UILayoutGuide+SnapKit.swift */ = {isa = PBXFileReference; lastKnownFileType = sourcecode.swift; path = "UILayoutGuide+SnapKit.swift"; sourceTree = "<group>"; };
		B6AD15982B5E8F8A002A68B9 /* MSStoryContainerViewController.swift */ = {isa = PBXFileReference; lastKnownFileType = sourcecode.swift; path = MSStoryContainerViewController.swift; sourceTree = "<group>"; };
		B6AD159A2B5E8FC5002A68B9 /* MSStoryViewController.swift */ = {isa = PBXFileReference; lastKnownFileType = sourcecode.swift; path = MSStoryViewController.swift; sourceTree = "<group>"; };
		B6AD159C2B5E900F002A68B9 /* MSStoryVcStack.swift */ = {isa = PBXFileReference; lastKnownFileType = sourcecode.swift; path = MSStoryVcStack.swift; sourceTree = "<group>"; };
		B6AD159E2B5E9121002A68B9 /* MSStoryContainer+TransitionCoordinator.swift */ = {isa = PBXFileReference; lastKnownFileType = sourcecode.swift; path = "MSStoryContainer+TransitionCoordinator.swift"; sourceTree = "<group>"; };
		B6AD15A02B5E9536002A68B9 /* MSStoryViewModel.swift */ = {isa = PBXFileReference; lastKnownFileType = sourcecode.swift; path = MSStoryViewModel.swift; sourceTree = "<group>"; };
		B6AD15A42B5E95B1002A68B9 /* MSStoryProvider.swift */ = {isa = PBXFileReference; lastKnownFileType = sourcecode.swift; path = MSStoryProvider.swift; sourceTree = "<group>"; };
		B6AD15A62B5E95C8002A68B9 /* MSStoryProviderProtocol.swift */ = {isa = PBXFileReference; lastKnownFileType = sourcecode.swift; path = MSStoryProviderProtocol.swift; sourceTree = "<group>"; };
		B6AD15A82B5E96D1002A68B9 /* MSStoryError.swift */ = {isa = PBXFileReference; lastKnownFileType = sourcecode.swift; path = MSStoryError.swift; sourceTree = "<group>"; };
		B6AD15AA2B5EB712002A68B9 /* MSStoryViewControllerDelegate.swift */ = {isa = PBXFileReference; lastKnownFileType = sourcecode.swift; path = MSStoryViewControllerDelegate.swift; sourceTree = "<group>"; };
		B6AD15AC2B5F95AD002A68B9 /* Publisher+FilterNil.swift */ = {isa = PBXFileReference; lastKnownFileType = sourcecode.swift; path = "Publisher+FilterNil.swift"; sourceTree = "<group>"; };
		B6AD15B72B5FEC5A002A68B9 /* MSStoryPlayerView.swift */ = {isa = PBXFileReference; lastKnownFileType = sourcecode.swift; path = MSStoryPlayerView.swift; sourceTree = "<group>"; };
		B6AD15B92B5FEC73002A68B9 /* MSStoryPlayerViewDelegate.swift */ = {isa = PBXFileReference; lastKnownFileType = sourcecode.swift; path = MSStoryPlayerViewDelegate.swift; sourceTree = "<group>"; };
		BB698E3498FB0B6720295060 /* Pods-FAStoryExample.release.xcconfig */ = {isa = PBXFileReference; includeInIndex = 1; lastKnownFileType = text.xcconfig; name = "Pods-FAStoryExample.release.xcconfig"; path = "Target Support Files/Pods-FAStoryExample/Pods-FAStoryExample.release.xcconfig"; sourceTree = "<group>"; };
/* End PBXFileReference section */

/* Begin PBXFrameworksBuildPhase section */
		50A3DE4C22E0835400E58FBE /* Frameworks */ = {
			isa = PBXFrameworksBuildPhase;
			buildActionMask = 2147483647;
			files = (
				08914389B6D9D8AC8EADFE1D /* Pods_FAStoryKit.framework in Frameworks */,
			);
			runOnlyForDeploymentPostprocessing = 0;
		};
		7F050F0F2A7A6EBB0085FB7A /* Frameworks */ = {
			isa = PBXFrameworksBuildPhase;
			buildActionMask = 2147483647;
			files = (
				9E89014504CF40BF0C5881D4 /* Pods_FAStoryExample.framework in Frameworks */,
			);
			runOnlyForDeploymentPostprocessing = 0;
		};
/* End PBXFrameworksBuildPhase section */

/* Begin PBXGroup section */
		50A3DE4522E0835400E58FBE = {
			isa = PBXGroup;
			children = (
				50C0446522FD986D00E9EC03 /* README.md */,
				50A3DE5122E0835400E58FBE /* FAStoryKit */,
				7F050F132A7A6EBB0085FB7A /* FAStoryExample */,
				50A3DE5022E0835400E58FBE /* Products */,
				E30A4CEE0692A1DE8D488896 /* Pods */,
				99E5AF951C23F20D364302EF /* Frameworks */,
			);
			sourceTree = "<group>";
		};
		50A3DE5022E0835400E58FBE /* Products */ = {
			isa = PBXGroup;
			children = (
				50A3DE4F22E0835400E58FBE /* FAStoryKit.framework */,
				7F050F122A7A6EBB0085FB7A /* FAStoryExample.app */,
			);
			name = Products;
			sourceTree = "<group>";
		};
		50A3DE5122E0835400E58FBE /* FAStoryKit */ = {
			isa = PBXGroup;
			children = (
				B6A4E32D2B558DB300CB3721 /* Helpers */,
				B6A4E3102B551DFF00CB3721 /* MSStoryKit */,
				50A3DE5322E0835400E58FBE /* Info.plist */,
				50A3DE5222E0835400E58FBE /* FAStoryKit.h */,
				50A3DE6522E0837D00E58FBE /* Models */,
				50A3DE5A22E0837C00E58FBE /* Extensions */,
				70F1911926CD91ED003D361D /* DownloadService */,
				50A3DE7222E0837D00E58FBE /* NibFiles */,
				50A3DE5F22E0837D00E58FBE /* Protocols */,
				50A3DE7422E0837D00E58FBE /* Views&Controllers */,
			);
			path = FAStoryKit;
			sourceTree = "<group>";
		};
		50A3DE5A22E0837C00E58FBE /* Extensions */ = {
			isa = PBXGroup;
			children = (
				50A3DE5B22E0837C00E58FBE /* Internal */,
				50A3DE5E22E0837C00E58FBE /* _FAStory.swift */,
			);
			path = Extensions;
			sourceTree = "<group>";
		};
		50A3DE5B22E0837C00E58FBE /* Internal */ = {
			isa = PBXGroup;
			children = (
				50F20A43234122450084A9B4 /* _NSNotification.swift */,
				50F20A44234122450084A9B4 /* _UINavigationController.swift */,
				50A3DE5C22E0837C00E58FBE /* _Double.swift */,
				50A3DE5D22E0837C00E58FBE /* _String.swift */,
				70F1911E26CD96F4003D361D /* _CGFloat.swift */,
			);
			path = Internal;
			sourceTree = "<group>";
		};
		50A3DE5F22E0837D00E58FBE /* Protocols */ = {
			isa = PBXGroup;
			children = (
				50A3DE6022E0837D00E58FBE /* FAStoryTeller.swift */,
				50A3DE6122E0837D00E58FBE /* FAStoryDataSource.swift */,
				50A3DE6222E0837D00E58FBE /* FAStoryAddible.swift */,
				50A3DE6322E0837D00E58FBE /* FAStoryContentCacher.swift */,
				50A3DE6422E0837D00E58FBE /* FAStoryDelegate.swift */,
				70F1911726CD910F003D361D /* SwipeDismissInteractible.swift */,
				70F1911C26CD9218003D361D /* SessionDownloadable.swift */,
			);
			path = Protocols;
			sourceTree = "<group>";
		};
		50A3DE6522E0837D00E58FBE /* Models */ = {
			isa = PBXGroup;
			children = (
				50F20A382340ECA40084A9B4 /* FAStoryVcStack.swift */,
				50A3DE6622E0837D00E58FBE /* FAStory.swift */,
				50A3DE6722E0837D00E58FBE /* Type Definitions */,
				50A3DE6A22E0837D00E58FBE /* Internal */,
				50A3DE6D22E0837D00E58FBE /* Story Content Models */,
			);
			path = Models;
			sourceTree = "<group>";
		};
		50A3DE6722E0837D00E58FBE /* Type Definitions */ = {
			isa = PBXGroup;
			children = (
				50A3DE6822E0837D00E58FBE /* FAStoryContentNature.swift */,
				50A3DE6922E0837D00E58FBE /* FAStoryContentType.swift */,
			);
			path = "Type Definitions";
			sourceTree = "<group>";
		};
		50A3DE6A22E0837D00E58FBE /* Internal */ = {
			isa = PBXGroup;
			children = (
				7FD6EF8D2A7A849F00F8EA5E /* DefaultValues.swift */,
				50F20A3F2340ED2A0084A9B4 /* TouchProgressCalculator.swift */,
				50A3DE6C22E0837D00E58FBE /* FAStoryController.swift */,
				50E2137C23059839002B9B03 /* StoryContentWrapper.swift */,
			);
			path = Internal;
			sourceTree = "<group>";
		};
		50A3DE6D22E0837D00E58FBE /* Story Content Models */ = {
			isa = PBXGroup;
			children = (
				50A3DE6E22E0837D00E58FBE /* FAStoryContentTemplate.swift */,
				50A3DE6F22E0837D00E58FBE /* SupportedContents */,
			);
			path = "Story Content Models";
			sourceTree = "<group>";
		};
		50A3DE6F22E0837D00E58FBE /* SupportedContents */ = {
			isa = PBXGroup;
			children = (
				50A3DE7022E0837D00E58FBE /* FAStoryImageContent.swift */,
				50A3DE7122E0837D00E58FBE /* FAStoryVideoContent.swift */,
			);
			path = SupportedContents;
			sourceTree = "<group>";
		};
		50A3DE7222E0837D00E58FBE /* NibFiles */ = {
			isa = PBXGroup;
			children = (
				50A3DE7322E0837D00E58FBE /* FAStoryView.xib */,
			);
			path = NibFiles;
			sourceTree = "<group>";
		};
		50A3DE7422E0837D00E58FBE /* Views&Controllers */ = {
			isa = PBXGroup;
			children = (
				7FD6EF8F2A7A889C00F8EA5E /* FABadgeView.swift */,
				50F20A362340EC5F0084A9B4 /* FAStoryContainerVC.swift */,
				50A3DE7B22E0837D00E58FBE /* FAStoryVC.swift */,
				50A3DE7C22E0837D00E58FBE /* FAStoryView.swift */,
				50F20A3A2340ECF60084A9B4 /* CustomTransition */,
				50A3DE7522E0837D00E58FBE /* Internal */,
			);
			path = "Views&Controllers";
			sourceTree = "<group>";
		};
		50A3DE7522E0837D00E58FBE /* Internal */ = {
			isa = PBXGroup;
			children = (
				50A3DE7622E0837D00E58FBE /* ExternalLinkControllerView.swift */,
				50A3DE7722E0837D00E58FBE /* StoryIndicatorView.swift */,
				50A3DE7822E0837D00E58FBE /* FAStoryCollectionViewCell.swift */,
				50A3DE7922E0837D00E58FBE /* StoryIndicatorContainerView.swift */,
				50A3DE7A22E0837D00E58FBE /* FAPlayerView.swift */,
			);
			path = Internal;
			sourceTree = "<group>";
		};
		50F20A3A2340ECF60084A9B4 /* CustomTransition */ = {
			isa = PBXGroup;
			children = (
				50F20A3B2340ECF60084A9B4 /* TransitionAnimator.swift */,
				50F20A3C2340ECF60084A9B4 /* FAStoryContainer+TransitionCoordinator.swift */,
			);
			name = CustomTransition;
			path = "FAStoryKit/Views&Controllers/CustomTransition";
			sourceTree = SOURCE_ROOT;
		};
		70F1911926CD91ED003D361D /* DownloadService */ = {
			isa = PBXGroup;
			children = (
				70F1911A26CD9206003D361D /* DownloadService.swift */,
			);
			path = DownloadService;
			sourceTree = "<group>";
		};
		7F050F132A7A6EBB0085FB7A /* FAStoryExample */ = {
			isa = PBXGroup;
			children = (
				7F050F142A7A6EBB0085FB7A /* AppDelegate.swift */,
				7F050F162A7A6EBB0085FB7A /* SceneDelegate.swift */,
				7F050F4E2A7A6F940085FB7A /* Animators */,
				7F050F3D2A7A6F8A0085FB7A /* Controller */,
				7F050F422A7A6F8A0085FB7A /* Helpers */,
				7F050F3F2A7A6F8A0085FB7A /* Models */,
				7F050F342A7A6F820085FB7A /* UI */,
				7F050F222A7A6EBC0085FB7A /* Info.plist */,
			);
			path = FAStoryExample;
			sourceTree = "<group>";
		};
		7F050F342A7A6F820085FB7A /* UI */ = {
			isa = PBXGroup;
			children = (
				7F050F352A7A6F820085FB7A /* Assets.xcassets */,
				7F050F362A7A6F820085FB7A /* LaunchScreen.storyboard */,
				7F050F382A7A6F820085FB7A /* Main.storyboard */,
			);
			path = UI;
			sourceTree = "<group>";
		};
		7F050F3D2A7A6F8A0085FB7A /* Controller */ = {
			isa = PBXGroup;
			children = (
				7F050F3E2A7A6F8A0085FB7A /* StoryVC.swift */,
			);
			path = Controller;
			sourceTree = "<group>";
		};
		7F050F3F2A7A6F8A0085FB7A /* Models */ = {
			isa = PBXGroup;
			children = (
				B6A4E31F2B55804E00CB3721 /* MSStories.json */,
				7F050F402A7A6F8A0085FB7A /* Stories.json */,
				7F050F412A7A6F8A0085FB7A /* StoryServer.swift */,
			);
			path = Models;
			sourceTree = "<group>";
		};
		7F050F422A7A6F8A0085FB7A /* Helpers */ = {
			isa = PBXGroup;
			children = (
				7F050F432A7A6F8A0085FB7A /* StatusBarColorProxy.swift */,
				7F050F442A7A6F8A0085FB7A /* TransitionTransparencyProxy.swift */,
				7F050F452A7A6F8A0085FB7A /* PlainPushNavCon.swift */,
				7F050F462A7A6F8A0085FB7A /* PlainPushPopAnimator.swift */,
			);
			path = Helpers;
			sourceTree = "<group>";
		};
		7F050F4E2A7A6F940085FB7A /* Animators */ = {
			isa = PBXGroup;
			children = (
				7F050F4F2A7A6F940085FB7A /* ModalPresentationAnimator.swift */,
				7F050F502A7A6F940085FB7A /* MainTransitionAnimator.swift */,
			);
			path = Animators;
			sourceTree = "<group>";
		};
		99E5AF951C23F20D364302EF /* Frameworks */ = {
			isa = PBXGroup;
			children = (
				3ECDED20139AA397935B1432 /* Pods_FAStoryExample.framework */,
				5F9BB3A3ABD03F481D38344B /* Pods_FAStoryKit.framework */,
			);
			name = Frameworks;
			sourceTree = "<group>";
		};
		B63C6DDB2B5927650002982F /* UIKit */ = {
			isa = PBXGroup;
			children = (
				B63C6DDC2B5927870002982F /* UIView+SnapKit.swift */,
				B63C6DEC2B592F180002982F /* UIView+Extensions.swift */,
				B63C6DF72B5962610002982F /* UICollectionView+Extensions.swift */,
				B6AD15932B5E76C8002A68B9 /* UIView+Anchor.swift */,
				B6AD15952B5E7977002A68B9 /* UILayoutGuide+SnapKit.swift */,
			);
			path = UIKit;
			sourceTree = "<group>";
		};
		B63C6DDF2B59288E0002982F /* UIUtilities */ = {
			isa = PBXGroup;
			children = (
				B63C6DE12B5928AD0002982F /* Helpers */,
				B63C6DE02B5928A60002982F /* Extensions */,
			);
			path = UIUtilities;
			sourceTree = "<group>";
		};
		B63C6DE02B5928A60002982F /* Extensions */ = {
			isa = PBXGroup;
			children = (
				B63C6DEE2B5931710002982F /* CoreGraphics */,
				B63C6DDB2B5927650002982F /* UIKit */,
			);
			path = Extensions;
			sourceTree = "<group>";
		};
		B63C6DE12B5928AD0002982F /* Helpers */ = {
			isa = PBXGroup;
			children = (
				B63C6DE22B5928C10002982F /* Configurable.swift */,
				B63C6DE62B5929840002982F /* Margin.swift */,
			);
			path = Helpers;
			sourceTree = "<group>";
		};
		B63C6DEE2B5931710002982F /* CoreGraphics */ = {
			isa = PBXGroup;
			children = (
				B63C6DEF2B5931850002982F /* CGFloat+Extensions.swift */,
			);
			path = CoreGraphics;
			sourceTree = "<group>";
		};
		B6A4E3102B551DFF00CB3721 /* MSStoryKit */ = {
			isa = PBXGroup;
			children = (
				B6A4E3792B579B9800CB3721 /* UI */,
				B6A4E35F2B55ACCE00CB3721 /* Core */,
				B63C6DDF2B59288E0002982F /* UIUtilities */,
				B6A4E3562B55AB1C00CB3721 /* Utilities */,
				B6A4E3422B55A3C100CB3721 /* Provider */,
				B6A4E31C2B557DE300CB3721 /* Models */,
			);
			path = MSStoryKit;
			sourceTree = "<group>";
		};
		B6A4E3142B55785D00CB3721 /* Services */ = {
			isa = PBXGroup;
			children = (
				B6A4E36A2B5675F400CB3721 /* CacheStoryService */,
				B6A4E34D2B55A81D00CB3721 /* ProjectFileService */,
				B6A4E3152B55787300CB3721 /* DownloadStoryService */,
				B6A4E3342B55A1CA00CB3721 /* DependencyContainer */,
				B6A4E3642B55AD8200CB3721 /* MSServiceDependency.swift */,
				B6A4E3302B55A11700CB3721 /* MSServiceLocator.swift */,
			);
			path = Services;
			sourceTree = "<group>";
		};
		B6A4E3152B55787300CB3721 /* DownloadStoryService */ = {
			isa = PBXGroup;
			children = (
				B6A4E3162B55788D00CB3721 /* MSDownloadService.swift */,
				B6A4E3322B55A13D00CB3721 /* MSDownloadServiceProtocol.swift */,
			);
			path = DownloadStoryService;
			sourceTree = "<group>";
		};
		B6A4E31C2B557DE300CB3721 /* Models */ = {
			isa = PBXGroup;
			children = (
				B6A4E31D2B557DF200CB3721 /* MSStory.swift */,
				B6A4E3212B55848D00CB3721 /* MSStories.swift */,
				B6A4E3232B5584BF00CB3721 /* MSStoryContent.swift */,
				B6A4E3252B5584F100CB3721 /* MSSFileFormat.swift */,
				B6A4E3722B567B9100CB3721 /* MSCacheFileItem.swift */,
			);
			path = Models;
			sourceTree = "<group>";
		};
		B6A4E32D2B558DB300CB3721 /* Helpers */ = {
			isa = PBXGroup;
			children = (
			);
			path = Helpers;
			sourceTree = "<group>";
		};
		B6A4E3342B55A1CA00CB3721 /* DependencyContainer */ = {
			isa = PBXGroup;
			children = (
				B6A4E3372B55A23000CB3721 /* Protocols */,
				B6A4E33C2B55A2A300CB3721 /* MSAnyServiceFactory.swift */,
				B6A4E33E2B55A2F900CB3721 /* MSBasicServiceFactory.swift */,
				B6A4E3402B55A32D00CB3721 /* MSServiceResolver.swift */,
			);
			path = DependencyContainer;
			sourceTree = "<group>";
		};
		B6A4E3372B55A23000CB3721 /* Protocols */ = {
			isa = PBXGroup;
			children = (
				B6A4E3352B55A1EC00CB3721 /* MSServiceLocatorProtocol.swift */,
				B6A4E3382B55A24500CB3721 /* MSResolver.swift */,
				B6A4E33A2B55A26D00CB3721 /* MSServiceFactory.swift */,
			);
			path = Protocols;
			sourceTree = "<group>";
		};
		B6A4E3422B55A3C100CB3721 /* Provider */ = {
			isa = PBXGroup;
			children = (
				B6AD15A32B5E9596002A68B9 /* MSStory */,
				B6AD15A22B5E957A002A68B9 /* MSStoryKit */,
				B6A4E3442B55A3E300CB3721 /* MSProviderLocator.swift */,
				B6A4E3462B55A44900CB3721 /* MSProviderDependency.swift */,
			);
			path = Provider;
			sourceTree = "<group>";
		};
		B6A4E34D2B55A81D00CB3721 /* ProjectFileService */ = {
			isa = PBXGroup;
			children = (
				B6A4E34E2B55A83100CB3721 /* MSProjectFileExtensionType.swift */,
				B6A4E3502B55A85400CB3721 /* MSProjectFileServiceProtocol.swift */,
				B6A4E3522B55A8C700CB3721 /* MSExtractFileError.swift */,
				B6A4E3542B55A97D00CB3721 /* MSProjectFileService.swift */,
			);
			path = ProjectFileService;
			sourceTree = "<group>";
		};
		B6A4E3562B55AB1C00CB3721 /* Utilities */ = {
			isa = PBXGroup;
			children = (
				B6A4E3572B55AB3A00CB3721 /* Extensions */,
			);
			path = Utilities;
			sourceTree = "<group>";
		};
		B6A4E3572B55AB3A00CB3721 /* Extensions */ = {
			isa = PBXGroup;
			children = (
				B6A4E3742B569BA000CB3721 /* Foundation */,
				B6A4E3582B55AB5500CB3721 /* Combine */,
			);
			path = Extensions;
			sourceTree = "<group>";
		};
		B6A4E3582B55AB5500CB3721 /* Combine */ = {
			isa = PBXGroup;
			children = (
				B6A4E3592B55AB6900CB3721 /* Publisher+Decode.swift */,
				B6AD15AC2B5F95AD002A68B9 /* Publisher+FilterNil.swift */,
			);
			path = Combine;
			sourceTree = "<group>";
		};
		B6A4E35B2B55AC0A00CB3721 /* Repositories */ = {
			isa = PBXGroup;
			children = (
				B6A4E35E2B55ACAE00CB3721 /* Story */,
				B6A4E3602B55ACF600CB3721 /* MSRepositoryLocator.swift */,
				B6A4E3622B55AD3E00CB3721 /* MSRepositoryDependency.swift */,
			);
			path = Repositories;
			sourceTree = "<group>";
		};
		B6A4E35E2B55ACAE00CB3721 /* Story */ = {
			isa = PBXGroup;
			children = (
				B6A4E35C2B55AC3B00CB3721 /* MSStoryRepository.swift */,
			);
			path = Story;
			sourceTree = "<group>";
		};
		B6A4E35F2B55ACCE00CB3721 /* Core */ = {
			isa = PBXGroup;
			children = (
				B6A4E3142B55785D00CB3721 /* Services */,
				B6A4E35B2B55AC0A00CB3721 /* Repositories */,
			);
			path = Core;
			sourceTree = "<group>";
		};
		B6A4E36A2B5675F400CB3721 /* CacheStoryService */ = {
			isa = PBXGroup;
			children = (
				B6A4E36B2B56760700CB3721 /* MSCacheStoryService.swift */,
				B6A4E36D2B56761000CB3721 /* MSCacheStoryServiceProtocol.swift */,
			);
			path = CacheStoryService;
			sourceTree = "<group>";
		};
		B6A4E3742B569BA000CB3721 /* Foundation */ = {
			isa = PBXGroup;
			children = (
				B6A4E3752B569BB300CB3721 /* URL+FileData.swift */,
				B6A4E3772B56AA5C00CB3721 /* URLSession+DownloadTaskPublisher.swift */,
			);
			path = Foundation;
			sourceTree = "<group>";
		};
		B6A4E3792B579B9800CB3721 /* UI */ = {
			isa = PBXGroup;
			children = (
				B6AD15972B5E7CD2002A68B9 /* TemporaryUI */,
			);
			path = UI;
			sourceTree = "<group>";
		};
		B6A4E37A2B579BC300CB3721 /* PreviewStoryView */ = {
			isa = PBXGroup;
			children = (
				B6A4E37B2B579BE600CB3721 /* MSPreviewStoryView.swift */,
				B6A4E37E2B579CA600CB3721 /* MSPreviewStoryViewDelegate.swift */,
				B6A4E3802B57A26800CB3721 /* MSPreviewStoryViewModel.swift */,
			);
			path = PreviewStoryView;
			sourceTree = "<group>";
		};
		B6AD15972B5E7CD2002A68B9 /* TemporaryUI */ = {
			isa = PBXGroup;
			children = (
				B6A4E37A2B579BC300CB3721 /* PreviewStoryView */,
				B6AD15B22B5FE9CC002A68B9 /* ViewController */,
			);
			path = TemporaryUI;
			sourceTree = "<group>";
		};
		B6AD15A22B5E957A002A68B9 /* MSStoryKit */ = {
			isa = PBXGroup;
			children = (
				B6A4E3492B55A4CC00CB3721 /* MSStoryKitProvider.swift */,
				B6A4E34B2B55A58300CB3721 /* MSStoryKitProviderProtocol.swift */,
			);
			path = MSStoryKit;
			sourceTree = "<group>";
		};
		B6AD15A32B5E9596002A68B9 /* MSStory */ = {
			isa = PBXGroup;
			children = (
				B6AD15A42B5E95B1002A68B9 /* MSStoryProvider.swift */,
				B6AD15A62B5E95C8002A68B9 /* MSStoryProviderProtocol.swift */,
				B6AD15A82B5E96D1002A68B9 /* MSStoryError.swift */,
			);
			path = MSStory;
			sourceTree = "<group>";
		};
		B6AD15B22B5FE9CC002A68B9 /* ViewController */ = {
			isa = PBXGroup;
			children = (
				B6AD15B32B5FE9F0002A68B9 /* View */,
				B6AD15982B5E8F8A002A68B9 /* MSStoryContainerViewController.swift */,
				B6AD159E2B5E9121002A68B9 /* MSStoryContainer+TransitionCoordinator.swift */,
				B6AD159A2B5E8FC5002A68B9 /* MSStoryViewController.swift */,
				B6AD15A02B5E9536002A68B9 /* MSStoryViewModel.swift */,
				B6AD159C2B5E900F002A68B9 /* MSStoryVcStack.swift */,
				B6AD15AA2B5EB712002A68B9 /* MSStoryViewControllerDelegate.swift */,
			);
			path = ViewController;
			sourceTree = "<group>";
		};
		B6AD15B32B5FE9F0002A68B9 /* View */ = {
			isa = PBXGroup;
			children = (
				B6AD15B62B5FEC4D002A68B9 /* PlayerView */,
			);
			path = View;
			sourceTree = "<group>";
		};
		B6AD15B62B5FEC4D002A68B9 /* PlayerView */ = {
			isa = PBXGroup;
			children = (
				B6AD15B72B5FEC5A002A68B9 /* MSStoryPlayerView.swift */,
				B6AD15B92B5FEC73002A68B9 /* MSStoryPlayerViewDelegate.swift */,
			);
			path = PlayerView;
			sourceTree = "<group>";
		};
		E30A4CEE0692A1DE8D488896 /* Pods */ = {
			isa = PBXGroup;
			children = (
				989C5089953AA91698BD13DF /* Pods-FAStoryExample.debug.xcconfig */,
				BB698E3498FB0B6720295060 /* Pods-FAStoryExample.release.xcconfig */,
				2C77DF646975AD3837BCD506 /* Pods-FAStoryKit.debug.xcconfig */,
				7B7B6573B1C0CA377BBB6043 /* Pods-FAStoryKit.release.xcconfig */,
			);
			path = Pods;
			sourceTree = "<group>";
		};
/* End PBXGroup section */

/* Begin PBXHeadersBuildPhase section */
		50A3DE4A22E0835400E58FBE /* Headers */ = {
			isa = PBXHeadersBuildPhase;
			buildActionMask = 2147483647;
			files = (
				50A3DE5422E0835400E58FBE /* FAStoryKit.h in Headers */,
			);
			runOnlyForDeploymentPostprocessing = 0;
		};
/* End PBXHeadersBuildPhase section */

/* Begin PBXNativeTarget section */
		50A3DE4E22E0835400E58FBE /* FAStoryKit */ = {
			isa = PBXNativeTarget;
			buildConfigurationList = 50A3DE5722E0835400E58FBE /* Build configuration list for PBXNativeTarget "FAStoryKit" */;
			buildPhases = (
				4B99EBF80CB47FB0203C5CCE /* [CP] Check Pods Manifest.lock */,
				50A3DE4A22E0835400E58FBE /* Headers */,
				50A3DE4B22E0835400E58FBE /* Sources */,
				50A3DE4C22E0835400E58FBE /* Frameworks */,
				50A3DE4D22E0835400E58FBE /* Resources */,
			);
			buildRules = (
			);
			dependencies = (
			);
			name = FAStoryKit;
			productName = FAStoryKit;
			productReference = 50A3DE4F22E0835400E58FBE /* FAStoryKit.framework */;
			productType = "com.apple.product-type.framework";
		};
		7F050F112A7A6EBB0085FB7A /* FAStoryExample */ = {
			isa = PBXNativeTarget;
			buildConfigurationList = 7F050F252A7A6EBC0085FB7A /* Build configuration list for PBXNativeTarget "FAStoryExample" */;
			buildPhases = (
				E56A61B04887048FB53B6C3A /* [CP] Check Pods Manifest.lock */,
				7F050F0E2A7A6EBB0085FB7A /* Sources */,
				7F050F0F2A7A6EBB0085FB7A /* Frameworks */,
				7F050F102A7A6EBB0085FB7A /* Resources */,
				1EC73A7D91A27B7DA6F93C40 /* [CP] Embed Pods Frameworks */,
			);
			buildRules = (
			);
			dependencies = (
			);
			name = FAStoryExample;
			productName = FAStoryExample;
			productReference = 7F050F122A7A6EBB0085FB7A /* FAStoryExample.app */;
			productType = "com.apple.product-type.application";
		};
/* End PBXNativeTarget section */

/* Begin PBXProject section */
		50A3DE4622E0835400E58FBE /* Project object */ = {
			isa = PBXProject;
			attributes = {
				LastSwiftUpdateCheck = 1430;
				LastUpgradeCheck = 1020;
				ORGANIZATIONNAME = "Ferhat Abdullahoglu";
				TargetAttributes = {
					50A3DE4E22E0835400E58FBE = {
						CreatedOnToolsVersion = 10.2.1;
					};
					7F050F112A7A6EBB0085FB7A = {
						CreatedOnToolsVersion = 14.3;
					};
				};
			};
			buildConfigurationList = 50A3DE4922E0835400E58FBE /* Build configuration list for PBXProject "FAStoryKit" */;
			compatibilityVersion = "Xcode 9.3";
			developmentRegion = en;
			hasScannedForEncodings = 0;
			knownRegions = (
				en,
				Base,
			);
			mainGroup = 50A3DE4522E0835400E58FBE;
			productRefGroup = 50A3DE5022E0835400E58FBE /* Products */;
			projectDirPath = "";
			projectRoot = "";
			targets = (
				50A3DE4E22E0835400E58FBE /* FAStoryKit */,
				7F050F112A7A6EBB0085FB7A /* FAStoryExample */,
			);
		};
/* End PBXProject section */

/* Begin PBXResourcesBuildPhase section */
		50A3DE4D22E0835400E58FBE /* Resources */ = {
			isa = PBXResourcesBuildPhase;
			buildActionMask = 2147483647;
			files = (
				50A3DE8D22E0837D00E58FBE /* FAStoryView.xib in Resources */,
			);
			runOnlyForDeploymentPostprocessing = 0;
		};
		7F050F102A7A6EBB0085FB7A /* Resources */ = {
			isa = PBXResourcesBuildPhase;
			buildActionMask = 2147483647;
			files = (
				7F050F3A2A7A6F820085FB7A /* Assets.xcassets in Resources */,
				7F050F3C2A7A6F820085FB7A /* Main.storyboard in Resources */,
				B6A4E3202B55804E00CB3721 /* MSStories.json in Resources */,
				7F050F482A7A6F8A0085FB7A /* Stories.json in Resources */,
				7F050F3B2A7A6F820085FB7A /* LaunchScreen.storyboard in Resources */,
			);
			runOnlyForDeploymentPostprocessing = 0;
		};
/* End PBXResourcesBuildPhase section */

/* Begin PBXShellScriptBuildPhase section */
		1EC73A7D91A27B7DA6F93C40 /* [CP] Embed Pods Frameworks */ = {
			isa = PBXShellScriptBuildPhase;
			buildActionMask = 2147483647;
			files = (
			);
			inputFileListPaths = (
				"${PODS_ROOT}/Target Support Files/Pods-FAStoryExample/Pods-FAStoryExample-frameworks-${CONFIGURATION}-input-files.xcfilelist",
			);
			name = "[CP] Embed Pods Frameworks";
			outputFileListPaths = (
				"${PODS_ROOT}/Target Support Files/Pods-FAStoryExample/Pods-FAStoryExample-frameworks-${CONFIGURATION}-output-files.xcfilelist",
			);
			runOnlyForDeploymentPostprocessing = 0;
			shellPath = /bin/sh;
			shellScript = "\"${PODS_ROOT}/Target Support Files/Pods-FAStoryExample/Pods-FAStoryExample-frameworks.sh\"\n";
			showEnvVarsInLog = 0;
		};
		4B99EBF80CB47FB0203C5CCE /* [CP] Check Pods Manifest.lock */ = {
			isa = PBXShellScriptBuildPhase;
			buildActionMask = 2147483647;
			files = (
			);
			inputFileListPaths = (
			);
			inputPaths = (
				"${PODS_PODFILE_DIR_PATH}/Podfile.lock",
				"${PODS_ROOT}/Manifest.lock",
			);
			name = "[CP] Check Pods Manifest.lock";
			outputFileListPaths = (
			);
			outputPaths = (
				"$(DERIVED_FILE_DIR)/Pods-FAStoryKit-checkManifestLockResult.txt",
			);
			runOnlyForDeploymentPostprocessing = 0;
			shellPath = /bin/sh;
			shellScript = "diff \"${PODS_PODFILE_DIR_PATH}/Podfile.lock\" \"${PODS_ROOT}/Manifest.lock\" > /dev/null\nif [ $? != 0 ] ; then\n    # print error to STDERR\n    echo \"error: The sandbox is not in sync with the Podfile.lock. Run 'pod install' or update your CocoaPods installation.\" >&2\n    exit 1\nfi\n# This output is used by Xcode 'outputs' to avoid re-running this script phase.\necho \"SUCCESS\" > \"${SCRIPT_OUTPUT_FILE_0}\"\n";
			showEnvVarsInLog = 0;
		};
		E56A61B04887048FB53B6C3A /* [CP] Check Pods Manifest.lock */ = {
			isa = PBXShellScriptBuildPhase;
			buildActionMask = 2147483647;
			files = (
			);
			inputFileListPaths = (
			);
			inputPaths = (
				"${PODS_PODFILE_DIR_PATH}/Podfile.lock",
				"${PODS_ROOT}/Manifest.lock",
			);
			name = "[CP] Check Pods Manifest.lock";
			outputFileListPaths = (
			);
			outputPaths = (
				"$(DERIVED_FILE_DIR)/Pods-FAStoryExample-checkManifestLockResult.txt",
			);
			runOnlyForDeploymentPostprocessing = 0;
			shellPath = /bin/sh;
			shellScript = "diff \"${PODS_PODFILE_DIR_PATH}/Podfile.lock\" \"${PODS_ROOT}/Manifest.lock\" > /dev/null\nif [ $? != 0 ] ; then\n    # print error to STDERR\n    echo \"error: The sandbox is not in sync with the Podfile.lock. Run 'pod install' or update your CocoaPods installation.\" >&2\n    exit 1\nfi\n# This output is used by Xcode 'outputs' to avoid re-running this script phase.\necho \"SUCCESS\" > \"${SCRIPT_OUTPUT_FILE_0}\"\n";
			showEnvVarsInLog = 0;
		};
/* End PBXShellScriptBuildPhase section */

/* Begin PBXSourcesBuildPhase section */
		50A3DE4B22E0835400E58FBE /* Sources */ = {
			isa = PBXSourcesBuildPhase;
			buildActionMask = 2147483647;
			files = (
				50A3DE9122E0837D00E58FBE /* StoryIndicatorContainerView.swift in Sources */,
				B6AD159B2B5E8FC5002A68B9 /* MSStoryViewController.swift in Sources */,
				50A3DE7E22E0837D00E58FBE /* _String.swift in Sources */,
				B63C6DF82B5962610002982F /* UICollectionView+Extensions.swift in Sources */,
				50F20A3D2340ECF60084A9B4 /* TransitionAnimator.swift in Sources */,
				50F20A45234122450084A9B4 /* _NSNotification.swift in Sources */,
				B6AD15942B5E76C8002A68B9 /* UIView+Anchor.swift in Sources */,
				B6AD15A52B5E95B1002A68B9 /* MSStoryProvider.swift in Sources */,
				50F20A46234122450084A9B4 /* _UINavigationController.swift in Sources */,
				50A3DE8622E0837D00E58FBE /* FAStoryContentNature.swift in Sources */,
				B6A4E37C2B579BE600CB3721 /* MSPreviewStoryView.swift in Sources */,
				50A3DE8522E0837D00E58FBE /* FAStory.swift in Sources */,
				B6A4E34C2B55A58300CB3721 /* MSStoryKitProviderProtocol.swift in Sources */,
				B6AD15AB2B5EB712002A68B9 /* MSStoryViewControllerDelegate.swift in Sources */,
				50A3DE7F22E0837D00E58FBE /* _FAStory.swift in Sources */,
				70F1911D26CD9218003D361D /* SessionDownloadable.swift in Sources */,
				B6A4E3242B5584BF00CB3721 /* MSStoryContent.swift in Sources */,
				50A3DE9422E0837D00E58FBE /* FAStoryView.swift in Sources */,
				B6A4E3312B55A11700CB3721 /* MSServiceLocator.swift in Sources */,
				B6A4E3392B55A24500CB3721 /* MSResolver.swift in Sources */,
				7FD6EF8E2A7A849F00F8EA5E /* DefaultValues.swift in Sources */,
				50A3DE8222E0837D00E58FBE /* FAStoryAddible.swift in Sources */,
				B6AD15BA2B5FEC73002A68B9 /* MSStoryPlayerViewDelegate.swift in Sources */,
				50A3DE8B22E0837D00E58FBE /* FAStoryImageContent.swift in Sources */,
				50F20A392340ECA40084A9B4 /* FAStoryVcStack.swift in Sources */,
				50A3DE9322E0837D00E58FBE /* FAStoryVC.swift in Sources */,
				50F20A402340ED2A0084A9B4 /* TouchProgressCalculator.swift in Sources */,
				B6A4E3332B55A13D00CB3721 /* MSDownloadServiceProtocol.swift in Sources */,
				B6A4E33F2B55A2F900CB3721 /* MSBasicServiceFactory.swift in Sources */,
				B6AD15AD2B5F95AD002A68B9 /* Publisher+FilterNil.swift in Sources */,
				B6A4E3632B55AD3E00CB3721 /* MSRepositoryDependency.swift in Sources */,
				B6AD15992B5E8F8A002A68B9 /* MSStoryContainerViewController.swift in Sources */,
				B6A4E3452B55A3E300CB3721 /* MSProviderLocator.swift in Sources */,
				B6A4E3782B56AA5C00CB3721 /* URLSession+DownloadTaskPublisher.swift in Sources */,
				B63C6DF02B5931850002982F /* CGFloat+Extensions.swift in Sources */,
				B63C6DE32B5928C10002982F /* Configurable.swift in Sources */,
				B6A4E33B2B55A26D00CB3721 /* MSServiceFactory.swift in Sources */,
				50E2137D23059839002B9B03 /* StoryContentWrapper.swift in Sources */,
				50A3DE9222E0837D00E58FBE /* FAPlayerView.swift in Sources */,
				B6A4E3412B55A32D00CB3721 /* MSServiceResolver.swift in Sources */,
				B6A4E3362B55A1EC00CB3721 /* MSServiceLocatorProtocol.swift in Sources */,
				B6A4E33D2B55A2A300CB3721 /* MSAnyServiceFactory.swift in Sources */,
				B6AD15A92B5E96D1002A68B9 /* MSStoryError.swift in Sources */,
				B63C6DE72B5929840002982F /* Margin.swift in Sources */,
				50A3DE8722E0837D00E58FBE /* FAStoryContentType.swift in Sources */,
				B63C6DDD2B5927870002982F /* UIView+SnapKit.swift in Sources */,
				B63C6DED2B592F180002982F /* UIView+Extensions.swift in Sources */,
				50A3DE8422E0837D00E58FBE /* FAStoryDelegate.swift in Sources */,
				B6A4E3222B55848D00CB3721 /* MSStories.swift in Sources */,
				B6A4E3812B57A26800CB3721 /* MSPreviewStoryViewModel.swift in Sources */,
				50A3DE8922E0837D00E58FBE /* FAStoryController.swift in Sources */,
				B6A4E3512B55A85400CB3721 /* MSProjectFileServiceProtocol.swift in Sources */,
				B6A4E3652B55AD8200CB3721 /* MSServiceDependency.swift in Sources */,
				B6AD159D2B5E900F002A68B9 /* MSStoryVcStack.swift in Sources */,
				70F1911826CD910F003D361D /* SwipeDismissInteractible.swift in Sources */,
				B6AD15B82B5FEC5A002A68B9 /* MSStoryPlayerView.swift in Sources */,
				50A3DE8A22E0837D00E58FBE /* FAStoryContentTemplate.swift in Sources */,
				B6AD159F2B5E9121002A68B9 /* MSStoryContainer+TransitionCoordinator.swift in Sources */,
				B6A4E31E2B557DF200CB3721 /* MSStory.swift in Sources */,
				B6A4E36E2B56761000CB3721 /* MSCacheStoryServiceProtocol.swift in Sources */,
				B6A4E3172B55788D00CB3721 /* MSDownloadService.swift in Sources */,
				70F1911F26CD96F4003D361D /* _CGFloat.swift in Sources */,
				B6A4E3732B567B9100CB3721 /* MSCacheFileItem.swift in Sources */,
				7FD6EF902A7A889C00F8EA5E /* FABadgeView.swift in Sources */,
				B6A4E3472B55A44900CB3721 /* MSProviderDependency.swift in Sources */,
				B6A4E3262B5584F100CB3721 /* MSSFileFormat.swift in Sources */,
				50A3DE9022E0837D00E58FBE /* FAStoryCollectionViewCell.swift in Sources */,
				B6A4E3552B55A97D00CB3721 /* MSProjectFileService.swift in Sources */,
				B6A4E35A2B55AB6900CB3721 /* Publisher+Decode.swift in Sources */,
				50F20A372340EC5F0084A9B4 /* FAStoryContainerVC.swift in Sources */,
				B6A4E35D2B55AC3B00CB3721 /* MSStoryRepository.swift in Sources */,
				B6AD15A12B5E9536002A68B9 /* MSStoryViewModel.swift in Sources */,
				50F20A3E2340ECF60084A9B4 /* FAStoryContainer+TransitionCoordinator.swift in Sources */,
				50A3DE8322E0837D00E58FBE /* FAStoryContentCacher.swift in Sources */,
				B6A4E3762B569BB300CB3721 /* URL+FileData.swift in Sources */,
				50A3DE8022E0837D00E58FBE /* FAStoryTeller.swift in Sources */,
				B6A4E3612B55ACF600CB3721 /* MSRepositoryLocator.swift in Sources */,
				B6A4E34A2B55A4CC00CB3721 /* MSStoryKitProvider.swift in Sources */,
				B6A4E3532B55A8C700CB3721 /* MSExtractFileError.swift in Sources */,
				50A3DE7D22E0837D00E58FBE /* _Double.swift in Sources */,
				B6A4E34F2B55A83100CB3721 /* MSProjectFileExtensionType.swift in Sources */,
				B6A4E36C2B56760700CB3721 /* MSCacheStoryService.swift in Sources */,
				50A3DE8F22E0837D00E58FBE /* StoryIndicatorView.swift in Sources */,
				50A3DE8C22E0837D00E58FBE /* FAStoryVideoContent.swift in Sources */,
				50A3DE8E22E0837D00E58FBE /* ExternalLinkControllerView.swift in Sources */,
				50A3DE8122E0837D00E58FBE /* FAStoryDataSource.swift in Sources */,
				B6A4E37F2B579CA600CB3721 /* MSPreviewStoryViewDelegate.swift in Sources */,
				B6AD15962B5E7977002A68B9 /* UILayoutGuide+SnapKit.swift in Sources */,
				B6AD15A72B5E95C8002A68B9 /* MSStoryProviderProtocol.swift in Sources */,
				70F1911B26CD9206003D361D /* DownloadService.swift in Sources */,
			);
			runOnlyForDeploymentPostprocessing = 0;
		};
		7F050F0E2A7A6EBB0085FB7A /* Sources */ = {
			isa = PBXSourcesBuildPhase;
			buildActionMask = 2147483647;
			files = (
				7F050F492A7A6F8A0085FB7A /* StoryServer.swift in Sources */,
				7F050F4C2A7A6F8A0085FB7A /* PlainPushNavCon.swift in Sources */,
				7F050F4B2A7A6F8A0085FB7A /* TransitionTransparencyProxy.swift in Sources */,
				7F050F4D2A7A6F8A0085FB7A /* PlainPushPopAnimator.swift in Sources */,
				7F050F522A7A6F940085FB7A /* MainTransitionAnimator.swift in Sources */,
				7F050F4A2A7A6F8A0085FB7A /* StatusBarColorProxy.swift in Sources */,
				7F050F472A7A6F8A0085FB7A /* StoryVC.swift in Sources */,
				7F050F152A7A6EBB0085FB7A /* AppDelegate.swift in Sources */,
				7F050F172A7A6EBB0085FB7A /* SceneDelegate.swift in Sources */,
				7F050F512A7A6F940085FB7A /* ModalPresentationAnimator.swift in Sources */,
			);
			runOnlyForDeploymentPostprocessing = 0;
		};
/* End PBXSourcesBuildPhase section */

/* Begin PBXVariantGroup section */
		7F050F362A7A6F820085FB7A /* LaunchScreen.storyboard */ = {
			isa = PBXVariantGroup;
			children = (
				7F050F372A7A6F820085FB7A /* Base */,
			);
			name = LaunchScreen.storyboard;
			sourceTree = "<group>";
		};
		7F050F382A7A6F820085FB7A /* Main.storyboard */ = {
			isa = PBXVariantGroup;
			children = (
				7F050F392A7A6F820085FB7A /* Base */,
			);
			name = Main.storyboard;
			sourceTree = "<group>";
		};
/* End PBXVariantGroup section */

/* Begin XCBuildConfiguration section */
		50A3DE5522E0835400E58FBE /* Debug */ = {
			isa = XCBuildConfiguration;
			buildSettings = {
				ALWAYS_SEARCH_USER_PATHS = NO;
				CLANG_ANALYZER_NONNULL = YES;
				CLANG_ANALYZER_NUMBER_OBJECT_CONVERSION = YES_AGGRESSIVE;
				CLANG_CXX_LANGUAGE_STANDARD = "gnu++14";
				CLANG_CXX_LIBRARY = "libc++";
				CLANG_ENABLE_MODULES = YES;
				CLANG_ENABLE_OBJC_ARC = YES;
				CLANG_ENABLE_OBJC_WEAK = YES;
				CLANG_WARN_BLOCK_CAPTURE_AUTORELEASING = YES;
				CLANG_WARN_BOOL_CONVERSION = YES;
				CLANG_WARN_COMMA = YES;
				CLANG_WARN_CONSTANT_CONVERSION = YES;
				CLANG_WARN_DEPRECATED_OBJC_IMPLEMENTATIONS = YES;
				CLANG_WARN_DIRECT_OBJC_ISA_USAGE = YES_ERROR;
				CLANG_WARN_DOCUMENTATION_COMMENTS = YES;
				CLANG_WARN_EMPTY_BODY = YES;
				CLANG_WARN_ENUM_CONVERSION = YES;
				CLANG_WARN_INFINITE_RECURSION = YES;
				CLANG_WARN_INT_CONVERSION = YES;
				CLANG_WARN_NON_LITERAL_NULL_CONVERSION = YES;
				CLANG_WARN_OBJC_IMPLICIT_RETAIN_SELF = YES;
				CLANG_WARN_OBJC_LITERAL_CONVERSION = YES;
				CLANG_WARN_OBJC_ROOT_CLASS = YES_ERROR;
				CLANG_WARN_RANGE_LOOP_ANALYSIS = YES;
				CLANG_WARN_STRICT_PROTOTYPES = YES;
				CLANG_WARN_SUSPICIOUS_MOVE = YES;
				CLANG_WARN_UNGUARDED_AVAILABILITY = YES_AGGRESSIVE;
				CLANG_WARN_UNREACHABLE_CODE = YES;
				CLANG_WARN__DUPLICATE_METHOD_MATCH = YES;
				CODE_SIGN_IDENTITY = "iPhone Developer";
				COPY_PHASE_STRIP = NO;
				CURRENT_PROJECT_VERSION = 1;
				DEBUG_INFORMATION_FORMAT = dwarf;
				ENABLE_STRICT_OBJC_MSGSEND = YES;
				ENABLE_TESTABILITY = YES;
				GCC_C_LANGUAGE_STANDARD = gnu11;
				GCC_DYNAMIC_NO_PIC = NO;
				GCC_NO_COMMON_BLOCKS = YES;
				GCC_OPTIMIZATION_LEVEL = 0;
				GCC_PREPROCESSOR_DEFINITIONS = (
					"DEBUG=1",
					"$(inherited)",
				);
				GCC_WARN_64_TO_32_BIT_CONVERSION = YES;
				GCC_WARN_ABOUT_RETURN_TYPE = YES_ERROR;
				GCC_WARN_UNDECLARED_SELECTOR = YES;
				GCC_WARN_UNINITIALIZED_AUTOS = YES_AGGRESSIVE;
				GCC_WARN_UNUSED_FUNCTION = YES;
				GCC_WARN_UNUSED_VARIABLE = YES;
				IPHONEOS_DEPLOYMENT_TARGET = 14.0;
				MTL_ENABLE_DEBUG_INFO = INCLUDE_SOURCE;
				MTL_FAST_MATH = YES;
				ONLY_ACTIVE_ARCH = YES;
				SDKROOT = iphoneos;
				SWIFT_ACTIVE_COMPILATION_CONDITIONS = DEBUG;
				SWIFT_OPTIMIZATION_LEVEL = "-Onone";
				VERSIONING_SYSTEM = "apple-generic";
				VERSION_INFO_PREFIX = "";
			};
			name = Debug;
		};
		50A3DE5622E0835400E58FBE /* Release */ = {
			isa = XCBuildConfiguration;
			buildSettings = {
				ALWAYS_SEARCH_USER_PATHS = NO;
				CLANG_ANALYZER_NONNULL = YES;
				CLANG_ANALYZER_NUMBER_OBJECT_CONVERSION = YES_AGGRESSIVE;
				CLANG_CXX_LANGUAGE_STANDARD = "gnu++14";
				CLANG_CXX_LIBRARY = "libc++";
				CLANG_ENABLE_MODULES = YES;
				CLANG_ENABLE_OBJC_ARC = YES;
				CLANG_ENABLE_OBJC_WEAK = YES;
				CLANG_WARN_BLOCK_CAPTURE_AUTORELEASING = YES;
				CLANG_WARN_BOOL_CONVERSION = YES;
				CLANG_WARN_COMMA = YES;
				CLANG_WARN_CONSTANT_CONVERSION = YES;
				CLANG_WARN_DEPRECATED_OBJC_IMPLEMENTATIONS = YES;
				CLANG_WARN_DIRECT_OBJC_ISA_USAGE = YES_ERROR;
				CLANG_WARN_DOCUMENTATION_COMMENTS = YES;
				CLANG_WARN_EMPTY_BODY = YES;
				CLANG_WARN_ENUM_CONVERSION = YES;
				CLANG_WARN_INFINITE_RECURSION = YES;
				CLANG_WARN_INT_CONVERSION = YES;
				CLANG_WARN_NON_LITERAL_NULL_CONVERSION = YES;
				CLANG_WARN_OBJC_IMPLICIT_RETAIN_SELF = YES;
				CLANG_WARN_OBJC_LITERAL_CONVERSION = YES;
				CLANG_WARN_OBJC_ROOT_CLASS = YES_ERROR;
				CLANG_WARN_RANGE_LOOP_ANALYSIS = YES;
				CLANG_WARN_STRICT_PROTOTYPES = YES;
				CLANG_WARN_SUSPICIOUS_MOVE = YES;
				CLANG_WARN_UNGUARDED_AVAILABILITY = YES_AGGRESSIVE;
				CLANG_WARN_UNREACHABLE_CODE = YES;
				CLANG_WARN__DUPLICATE_METHOD_MATCH = YES;
				CODE_SIGN_IDENTITY = "iPhone Developer";
				COPY_PHASE_STRIP = NO;
				CURRENT_PROJECT_VERSION = 1;
				DEBUG_INFORMATION_FORMAT = "dwarf-with-dsym";
				ENABLE_NS_ASSERTIONS = NO;
				ENABLE_STRICT_OBJC_MSGSEND = YES;
				GCC_C_LANGUAGE_STANDARD = gnu11;
				GCC_NO_COMMON_BLOCKS = YES;
				GCC_WARN_64_TO_32_BIT_CONVERSION = YES;
				GCC_WARN_ABOUT_RETURN_TYPE = YES_ERROR;
				GCC_WARN_UNDECLARED_SELECTOR = YES;
				GCC_WARN_UNINITIALIZED_AUTOS = YES_AGGRESSIVE;
				GCC_WARN_UNUSED_FUNCTION = YES;
				GCC_WARN_UNUSED_VARIABLE = YES;
				IPHONEOS_DEPLOYMENT_TARGET = 14.0;
				MTL_ENABLE_DEBUG_INFO = NO;
				MTL_FAST_MATH = YES;
				SDKROOT = iphoneos;
				SWIFT_COMPILATION_MODE = wholemodule;
				SWIFT_OPTIMIZATION_LEVEL = "-O";
				VALIDATE_PRODUCT = YES;
				VERSIONING_SYSTEM = "apple-generic";
				VERSION_INFO_PREFIX = "";
			};
			name = Release;
		};
		50A3DE5822E0835400E58FBE /* Debug */ = {
			isa = XCBuildConfiguration;
			baseConfigurationReference = 2C77DF646975AD3837BCD506 /* Pods-FAStoryKit.debug.xcconfig */;
			buildSettings = {
				CODE_SIGN_IDENTITY = "";
				CODE_SIGN_STYLE = Automatic;
				DEFINES_MODULE = YES;
				DEVELOPMENT_TEAM = K3XQNT3L95;
				DYLIB_COMPATIBILITY_VERSION = 1;
				DYLIB_CURRENT_VERSION = 1;
				DYLIB_INSTALL_NAME_BASE = "@rpath";
				INFOPLIST_FILE = FAStoryKit/Info.plist;
				INSTALL_PATH = "$(LOCAL_LIBRARY_DIR)/Frameworks";
				IPHONEOS_DEPLOYMENT_TARGET = 14.0;
				LD_RUNPATH_SEARCH_PATHS = (
					"$(inherited)",
					"@executable_path/Frameworks",
					"@loader_path/Frameworks",
				);
				MARKETING_VERSION = 1.0.8;
				PRODUCT_BUNDLE_IDENTIFIER = com.ferhatab.FAStoryKit;
				PRODUCT_NAME = "$(TARGET_NAME:c99extidentifier)";
				SKIP_INSTALL = YES;
				SWIFT_VERSION = 5.0;
				TARGETED_DEVICE_FAMILY = "1,2";
			};
			name = Debug;
		};
		50A3DE5922E0835400E58FBE /* Release */ = {
			isa = XCBuildConfiguration;
			baseConfigurationReference = 7B7B6573B1C0CA377BBB6043 /* Pods-FAStoryKit.release.xcconfig */;
			buildSettings = {
				CODE_SIGN_IDENTITY = "";
				CODE_SIGN_STYLE = Automatic;
				DEFINES_MODULE = YES;
				DEVELOPMENT_TEAM = K3XQNT3L95;
				DYLIB_COMPATIBILITY_VERSION = 1;
				DYLIB_CURRENT_VERSION = 1;
				DYLIB_INSTALL_NAME_BASE = "@rpath";
				INFOPLIST_FILE = FAStoryKit/Info.plist;
				INSTALL_PATH = "$(LOCAL_LIBRARY_DIR)/Frameworks";
				IPHONEOS_DEPLOYMENT_TARGET = 14.0;
				LD_RUNPATH_SEARCH_PATHS = (
					"$(inherited)",
					"@executable_path/Frameworks",
					"@loader_path/Frameworks",
				);
				MARKETING_VERSION = 1.0.8;
				PRODUCT_BUNDLE_IDENTIFIER = com.ferhatab.FAStoryKit;
				PRODUCT_NAME = "$(TARGET_NAME:c99extidentifier)";
				SKIP_INSTALL = YES;
				SWIFT_VERSION = 5.0;
				TARGETED_DEVICE_FAMILY = "1,2";
			};
			name = Release;
		};
		7F050F232A7A6EBC0085FB7A /* Debug */ = {
			isa = XCBuildConfiguration;
			baseConfigurationReference = 989C5089953AA91698BD13DF /* Pods-FAStoryExample.debug.xcconfig */;
			buildSettings = {
				ASSETCATALOG_COMPILER_APPICON_NAME = AppIcon;
				ASSETCATALOG_COMPILER_GLOBAL_ACCENT_COLOR_NAME = AccentColor;
				CLANG_CXX_LANGUAGE_STANDARD = "gnu++20";
				CLANG_WARN_QUOTED_INCLUDE_IN_FRAMEWORK_HEADER = YES;
				CODE_SIGN_STYLE = Automatic;
				CURRENT_PROJECT_VERSION = 1;
				DEVELOPMENT_TEAM = 7FZ9AF6KQ7;
				GENERATE_INFOPLIST_FILE = YES;
				INFOPLIST_FILE = FAStoryExample/Info.plist;
				INFOPLIST_KEY_UIApplicationSupportsIndirectInputEvents = YES;
				INFOPLIST_KEY_UILaunchStoryboardName = LaunchScreen;
				INFOPLIST_KEY_UIMainStoryboardFile = Main;
				INFOPLIST_KEY_UISupportedInterfaceOrientations_iPad = "UIInterfaceOrientationPortrait UIInterfaceOrientationPortraitUpsideDown UIInterfaceOrientationLandscapeLeft UIInterfaceOrientationLandscapeRight";
				INFOPLIST_KEY_UISupportedInterfaceOrientations_iPhone = "UIInterfaceOrientationPortrait UIInterfaceOrientationLandscapeLeft UIInterfaceOrientationLandscapeRight";
				IPHONEOS_DEPLOYMENT_TARGET = 16.4;
				LD_RUNPATH_SEARCH_PATHS = (
					"$(inherited)",
					"@executable_path/Frameworks",
				);
				MARKETING_VERSION = 1.0;
				PRODUCT_BUNDLE_IDENTIFIER = com.magicsolutions.fastory.FAStoryExample;
				PRODUCT_NAME = "$(TARGET_NAME)";
				SWIFT_EMIT_LOC_STRINGS = YES;
				SWIFT_VERSION = 5.0;
				TARGETED_DEVICE_FAMILY = "1,2";
			};
			name = Debug;
		};
		7F050F242A7A6EBC0085FB7A /* Release */ = {
			isa = XCBuildConfiguration;
			baseConfigurationReference = BB698E3498FB0B6720295060 /* Pods-FAStoryExample.release.xcconfig */;
			buildSettings = {
				ASSETCATALOG_COMPILER_APPICON_NAME = AppIcon;
				ASSETCATALOG_COMPILER_GLOBAL_ACCENT_COLOR_NAME = AccentColor;
				CLANG_CXX_LANGUAGE_STANDARD = "gnu++20";
				CLANG_WARN_QUOTED_INCLUDE_IN_FRAMEWORK_HEADER = YES;
				CODE_SIGN_STYLE = Automatic;
				CURRENT_PROJECT_VERSION = 1;
				DEVELOPMENT_TEAM = 7FZ9AF6KQ7;
				GENERATE_INFOPLIST_FILE = YES;
				INFOPLIST_FILE = FAStoryExample/Info.plist;
				INFOPLIST_KEY_UIApplicationSupportsIndirectInputEvents = YES;
				INFOPLIST_KEY_UILaunchStoryboardName = LaunchScreen;
				INFOPLIST_KEY_UIMainStoryboardFile = Main;
				INFOPLIST_KEY_UISupportedInterfaceOrientations_iPad = "UIInterfaceOrientationPortrait UIInterfaceOrientationPortraitUpsideDown UIInterfaceOrientationLandscapeLeft UIInterfaceOrientationLandscapeRight";
				INFOPLIST_KEY_UISupportedInterfaceOrientations_iPhone = "UIInterfaceOrientationPortrait UIInterfaceOrientationLandscapeLeft UIInterfaceOrientationLandscapeRight";
				IPHONEOS_DEPLOYMENT_TARGET = 16.4;
				LD_RUNPATH_SEARCH_PATHS = (
					"$(inherited)",
					"@executable_path/Frameworks",
				);
				MARKETING_VERSION = 1.0;
				PRODUCT_BUNDLE_IDENTIFIER = com.magicsolutions.fastory.FAStoryExample;
				PRODUCT_NAME = "$(TARGET_NAME)";
				SWIFT_EMIT_LOC_STRINGS = YES;
				SWIFT_VERSION = 5.0;
				TARGETED_DEVICE_FAMILY = "1,2";
			};
			name = Release;
		};
/* End XCBuildConfiguration section */

/* Begin XCConfigurationList section */
		50A3DE4922E0835400E58FBE /* Build configuration list for PBXProject "FAStoryKit" */ = {
			isa = XCConfigurationList;
			buildConfigurations = (
				50A3DE5522E0835400E58FBE /* Debug */,
				50A3DE5622E0835400E58FBE /* Release */,
			);
			defaultConfigurationIsVisible = 0;
			defaultConfigurationName = Release;
		};
		50A3DE5722E0835400E58FBE /* Build configuration list for PBXNativeTarget "FAStoryKit" */ = {
			isa = XCConfigurationList;
			buildConfigurations = (
				50A3DE5822E0835400E58FBE /* Debug */,
				50A3DE5922E0835400E58FBE /* Release */,
			);
			defaultConfigurationIsVisible = 0;
			defaultConfigurationName = Release;
		};
		7F050F252A7A6EBC0085FB7A /* Build configuration list for PBXNativeTarget "FAStoryExample" */ = {
			isa = XCConfigurationList;
			buildConfigurations = (
				7F050F232A7A6EBC0085FB7A /* Debug */,
				7F050F242A7A6EBC0085FB7A /* Release */,
			);
			defaultConfigurationIsVisible = 0;
			defaultConfigurationName = Release;
		};
/* End XCConfigurationList section */
	};
	rootObject = 50A3DE4622E0835400E58FBE /* Project object */;
}
